// !$*UTF8*$!
{
	archiveVersion = 1;
	classes = {
	};
	objectVersion = 46;
	objects = {

/* Begin PBXBuildFile section */
		0005C53A144241A900D8D825 /* BigCell.png in Resources */ = {isa = PBXBuildFile; fileRef = 0005C534144241A900D8D825 /* BigCell.png */; };
		0005C53B144241A900D8D825 /* BigCell@2x.png in Resources */ = {isa = PBXBuildFile; fileRef = 0005C535144241A900D8D825 /* BigCell@2x.png */; };
		0005C53C144241A900D8D825 /* BigCellWRoundedBottom.png in Resources */ = {isa = PBXBuildFile; fileRef = 0005C536144241A900D8D825 /* BigCellWRoundedBottom.png */; };
		0005C53D144241A900D8D825 /* BigCellWRoundedBottom@2x.png in Resources */ = {isa = PBXBuildFile; fileRef = 0005C537144241A900D8D825 /* BigCellWRoundedBottom@2x.png */; };
		0005C53E144241A900D8D825 /* BigCellWRoundedTop.png in Resources */ = {isa = PBXBuildFile; fileRef = 0005C538144241A900D8D825 /* BigCellWRoundedTop.png */; };
		0005C53F144241A900D8D825 /* BigCellWRoundedTop@2x.png in Resources */ = {isa = PBXBuildFile; fileRef = 0005C539144241A900D8D825 /* BigCellWRoundedTop@2x.png */; };
		0005C5451442429E00D8D825 /* MatteBackground.png in Resources */ = {isa = PBXBuildFile; fileRef = 0005C5411442429E00D8D825 /* MatteBackground.png */; };
		0005C5461442429E00D8D825 /* MatteBackground@2x.png in Resources */ = {isa = PBXBuildFile; fileRef = 0005C5421442429E00D8D825 /* MatteBackground@2x.png */; };
		0005C5471442429E00D8D825 /* SimpleMatteBackground.png in Resources */ = {isa = PBXBuildFile; fileRef = 0005C5431442429E00D8D825 /* SimpleMatteBackground.png */; };
		0005C5481442429E00D8D825 /* SimpleMatteBackground@2x.png in Resources */ = {isa = PBXBuildFile; fileRef = 0005C5441442429E00D8D825 /* SimpleMatteBackground@2x.png */; };
		000F1D4C14337984006CD04F /* BrewMethod.m in Sources */ = {isa = PBXBuildFile; fileRef = 000F1D2014337984006CD04F /* BrewMethod.m */; };
		000F1D4D14337984006CD04F /* BrewMethodListViewController.m in Sources */ = {isa = PBXBuildFile; fileRef = 000F1D2314337984006CD04F /* BrewMethodListViewController.m */; };
		000F1D4F14337984006CD04F /* BrewMethodViewController.m in Sources */ = {isa = PBXBuildFile; fileRef = 000F1D2714337984006CD04F /* BrewMethodViewController.m */; };
		000F1D5014337984006CD04F /* BrewMethodViewController.xib in Resources */ = {isa = PBXBuildFile; fileRef = 000F1D2814337984006CD04F /* BrewMethodViewController.xib */; };
		000F1D5114337984006CD04F /* CoffeeTimerAppDelegate.m in Sources */ = {isa = PBXBuildFile; fileRef = 000F1D2B14337984006CD04F /* CoffeeTimerAppDelegate.m */; };
		000F1D5214337984006CD04F /* Constants.m in Sources */ = {isa = PBXBuildFile; fileRef = 000F1D2E14337984006CD04F /* Constants.m */; };
		000F1D5314337984006CD04F /* Background.png in Resources */ = {isa = PBXBuildFile; fileRef = 000F1D3014337984006CD04F /* Background.png */; };
		000F1D5414337984006CD04F /* Background@2x.png in Resources */ = {isa = PBXBuildFile; fileRef = 000F1D3114337984006CD04F /* Background@2x.png */; };
		000F1D5514337984006CD04F /* Buttons in Resources */ = {isa = PBXBuildFile; fileRef = 000F1D3214337984006CD04F /* Buttons */; };
		000F1D5614337984006CD04F /* Buttons@2x in Resources */ = {isa = PBXBuildFile; fileRef = 000F1D3314337984006CD04F /* Buttons@2x */; };
		000F1D5714337984006CD04F /* Cell in Resources */ = {isa = PBXBuildFile; fileRef = 000F1D3414337984006CD04F /* Cell */; };
		000F1D5814337984006CD04F /* Cell@2x in Resources */ = {isa = PBXBuildFile; fileRef = 000F1D3514337984006CD04F /* Cell@2x */; };
		000F1D5F14337984006CD04F /* Slider in Resources */ = {isa = PBXBuildFile; fileRef = 000F1D3C14337984006CD04F /* Slider */; };
		000F1D6014337984006CD04F /* Slider@2x.png in Resources */ = {isa = PBXBuildFile; fileRef = 000F1D3D14337984006CD04F /* Slider@2x.png */; };
		000F1D6114337984006CD04F /* TabBackground in Resources */ = {isa = PBXBuildFile; fileRef = 000F1D3E14337984006CD04F /* TabBackground */; };
		000F1D6214337984006CD04F /* TabBackground@2x in Resources */ = {isa = PBXBuildFile; fileRef = 000F1D3F14337984006CD04F /* TabBackground@2x */; };
		000F1D6714337984006CD04F /* Timer in Resources */ = {isa = PBXBuildFile; fileRef = 000F1D4414337984006CD04F /* Timer */; };
		000F1D6814337984006CD04F /* Timer@2x in Resources */ = {isa = PBXBuildFile; fileRef = 000F1D4514337984006CD04F /* Timer@2x */; };
		000F1D6914337984006CD04F /* SliderTabBarView.m in Sources */ = {isa = PBXBuildFile; fileRef = 000F1D4814337984006CD04F /* SliderTabBarView.m */; };
		000F1D6A14337984006CD04F /* TimerStep.m in Sources */ = {isa = PBXBuildFile; fileRef = 000F1D4B14337984006CD04F /* TimerStep.m */; };
		001103C21437B9DB00C6467B /* AudioToolbox.framework in Frameworks */ = {isa = PBXBuildFile; fileRef = 001103C11437B9DB00C6467B /* AudioToolbox.framework */; };
		0012F3911442B89600D12B55 /* BrewMethodListCell.xib in Resources */ = {isa = PBXBuildFile; fileRef = 0012F3901442B89600D12B55 /* BrewMethodListCell.xib */; };
		003486721439728600960768 /* BrewMethodTableViewCell.xib in Resources */ = {isa = PBXBuildFile; fileRef = 003486711439728600960768 /* BrewMethodTableViewCell.xib */; };
		0048B5F414815B9E00CCF57E /* BigCellTest.png in Resources */ = {isa = PBXBuildFile; fileRef = 0048B5F214815B9E00CCF57E /* BigCellTest.png */; };
		0048B5F514815B9E00CCF57E /* BigCellTest@2x.png in Resources */ = {isa = PBXBuildFile; fileRef = 0048B5F314815B9E00CCF57E /* BigCellTest@2x.png */; };
		0048B60D148165D000CCF57E /* StarOn.png in Resources */ = {isa = PBXBuildFile; fileRef = 0048B60B148165D000CCF57E /* StarOn.png */; };
		0048B60E148165D000CCF57E /* StarOn@2x.png in Resources */ = {isa = PBXBuildFile; fileRef = 0048B60C148165D000CCF57E /* StarOn@2x.png */; };
		0048B615148169F300CCF57E /* CellTest.png in Resources */ = {isa = PBXBuildFile; fileRef = 0048B613148169F300CCF57E /* CellTest.png */; };
		0048B616148169F300CCF57E /* CellTest@2x.png in Resources */ = {isa = PBXBuildFile; fileRef = 0048B614148169F300CCF57E /* CellTest@2x.png */; };
		0048B61D1481712500CCF57E /* BigCellRoundedBottom.png in Resources */ = {isa = PBXBuildFile; fileRef = 0048B6171481712500CCF57E /* BigCellRoundedBottom.png */; };
		0048B61E1481712500CCF57E /* BigCellRoundedBottom@2x.png in Resources */ = {isa = PBXBuildFile; fileRef = 0048B6181481712500CCF57E /* BigCellRoundedBottom@2x.png */; };
		0048B6211481712500CCF57E /* BigCellRoundedTopBottom.png in Resources */ = {isa = PBXBuildFile; fileRef = 0048B61B1481712500CCF57E /* BigCellRoundedTopBottom.png */; };
		0048B6221481712500CCF57E /* BigCellRoundedTopBottom@2x.png in Resources */ = {isa = PBXBuildFile; fileRef = 0048B61C1481712500CCF57E /* BigCellRoundedTopBottom@2x.png */; };
		0048B6291481733200CCF57E /* BigCellRoundedTop.png in Resources */ = {isa = PBXBuildFile; fileRef = 0048B6271481733200CCF57E /* BigCellRoundedTop.png */; };
		0048B62A1481733200CCF57E /* BigCellRoundedTop@2x.png in Resources */ = {isa = PBXBuildFile; fileRef = 0048B6281481733200CCF57E /* BigCellRoundedTop@2x.png */; };
		0048B63114818C0400CCF57E /* NavBar.png in Resources */ = {isa = PBXBuildFile; fileRef = 0048B62F14818C0400CCF57E /* NavBar.png */; };
		0048B63214818C0400CCF57E /* NavBar@2x.png in Resources */ = {isa = PBXBuildFile; fileRef = 0048B63014818C0400CCF57E /* NavBar@2x.png */; };
		0048B63514818C8800CCF57E /* NavBar2.png in Resources */ = {isa = PBXBuildFile; fileRef = 0048B63314818C8800CCF57E /* NavBar2.png */; };
		0048B63614818C8800CCF57E /* NavBar2@2x.png in Resources */ = {isa = PBXBuildFile; fileRef = 0048B63414818C8800CCF57E /* NavBar2@2x.png */; };
		0048B63914818FE000CCF57E /* StarOff.png in Resources */ = {isa = PBXBuildFile; fileRef = 0048B63714818FE000CCF57E /* StarOff.png */; };
		0048B63A14818FE000CCF57E /* StarOff@2x.png in Resources */ = {isa = PBXBuildFile; fileRef = 0048B63814818FE000CCF57E /* StarOff@2x.png */; };
		0048B63D148190C200CCF57E /* StarOff2.png in Resources */ = {isa = PBXBuildFile; fileRef = 0048B63B148190C200CCF57E /* StarOff2.png */; };
		0048B63E148190C200CCF57E /* StarOff2@2x.png in Resources */ = {isa = PBXBuildFile; fileRef = 0048B63C148190C200CCF57E /* StarOff2@2x.png */; };
		0057FF8E13E670B0001556C4 /* UIKit.framework in Frameworks */ = {isa = PBXBuildFile; fileRef = 0057FF8D13E670B0001556C4 /* UIKit.framework */; };
		0057FF9013E670B0001556C4 /* Foundation.framework in Frameworks */ = {isa = PBXBuildFile; fileRef = 0057FF8F13E670B0001556C4 /* Foundation.framework */; };
		0057FF9213E670B0001556C4 /* CoreGraphics.framework in Frameworks */ = {isa = PBXBuildFile; fileRef = 0057FF9113E670B0001556C4 /* CoreGraphics.framework */; };
		0057FF9813E670B0001556C4 /* InfoPlist.strings in Resources */ = {isa = PBXBuildFile; fileRef = 0057FF9613E670B0001556C4 /* InfoPlist.strings */; };
		0057FFA213E670B0001556C4 /* CoffeeTimerAppDelegate_iPhone.m in Sources */ = {isa = PBXBuildFile; fileRef = 0057FFA113E670B0001556C4 /* CoffeeTimerAppDelegate_iPhone.m */; };
		0057FFA513E670B0001556C4 /* MainWindow_iPhone.xib in Resources */ = {isa = PBXBuildFile; fileRef = 0057FFA313E670B0001556C4 /* MainWindow_iPhone.xib */; };
		0057FFA913E670B1001556C4 /* CoffeeTimerAppDelegate_iPad.m in Sources */ = {isa = PBXBuildFile; fileRef = 0057FFA813E670B1001556C4 /* CoffeeTimerAppDelegate_iPad.m */; };
		0057FFAC13E670B1001556C4 /* MainWindow_iPad.xib in Resources */ = {isa = PBXBuildFile; fileRef = 0057FFAA13E670B1001556C4 /* MainWindow_iPad.xib */; };
		0057FFB413E670B1001556C4 /* SenTestingKit.framework in Frameworks */ = {isa = PBXBuildFile; fileRef = 0057FFB313E670B1001556C4 /* SenTestingKit.framework */; };
		0057FFB513E670B1001556C4 /* UIKit.framework in Frameworks */ = {isa = PBXBuildFile; fileRef = 0057FF8D13E670B0001556C4 /* UIKit.framework */; };
		0057FFB613E670B1001556C4 /* Foundation.framework in Frameworks */ = {isa = PBXBuildFile; fileRef = 0057FF8F13E670B0001556C4 /* Foundation.framework */; };
		0057FFB713E670B1001556C4 /* CoreGraphics.framework in Frameworks */ = {isa = PBXBuildFile; fileRef = 0057FF9113E670B0001556C4 /* CoreGraphics.framework */; };
		0057FFBF13E670B1001556C4 /* InfoPlist.strings in Resources */ = {isa = PBXBuildFile; fileRef = 0057FFBD13E670B1001556C4 /* InfoPlist.strings */; };
		0057FFC113E670B1001556C4 /* CoffeeTimerTests.h in Resources */ = {isa = PBXBuildFile; fileRef = 0057FFC013E670B1001556C4 /* CoffeeTimerTests.h */; };
		0057FFC313E670B2001556C4 /* CoffeeTimerTests.m in Sources */ = {isa = PBXBuildFile; fileRef = 0057FFC213E670B2001556C4 /* CoffeeTimerTests.m */; };
		006C93F91468B96300C9F3C1 /* CoffeeTime57.png in Resources */ = {isa = PBXBuildFile; fileRef = 006C93F71468B96300C9F3C1 /* CoffeeTime57.png */; };
		006C93FA1468B96300C9F3C1 /* CoffeeTime112.png in Resources */ = {isa = PBXBuildFile; fileRef = 006C93F81468B96300C9F3C1 /* CoffeeTime112.png */; };
		006C93FE1468B98600C9F3C1 /* Default.png in Resources */ = {isa = PBXBuildFile; fileRef = 006C93FC1468B98600C9F3C1 /* Default.png */; };
		006C93FF1468B98600C9F3C1 /* Default@2x.png in Resources */ = {isa = PBXBuildFile; fileRef = 006C93FD1468B98600C9F3C1 /* Default@2x.png */; };
		006F06D5144F455700D0766B /* BrewMethodTableViewSimpleCell.xib in Resources */ = {isa = PBXBuildFile; fileRef = 006F06D4144F455700D0766B /* BrewMethodTableViewSimpleCell.xib */; };
		007EDE4114337CA700F5555E /* main.m in Sources */ = {isa = PBXBuildFile; fileRef = 007EDE4014337CA700F5555E /* main.m */; };
		00985238147EEBD2002B540C /* AddMethodViewController.m in Sources */ = {isa = PBXBuildFile; fileRef = 00985236147EEBD2002B540C /* AddMethodViewController.m */; };
		00985239147EEBD2002B540C /* AddMethodView.xib in Resources */ = {isa = PBXBuildFile; fileRef = 00985237147EEBD2002B540C /* AddMethodView.xib */; };
		0098523B147EF072002B540C /* AddMethodTableViewCell.xib in Resources */ = {isa = PBXBuildFile; fileRef = 0098523A147EF072002B540C /* AddMethodTableViewCell.xib */; };
		00985240147EF9AA002B540C /* AddMethodView.m in Sources */ = {isa = PBXBuildFile; fileRef = 0098523F147EF9AA002B540C /* AddMethodView.m */; };
		00A226C3141CE2D9006EEE4F /* QuartzCore.framework in Frameworks */ = {isa = PBXBuildFile; fileRef = 00A226C2141CE2D9006EEE4F /* QuartzCore.framework */; };
		00B096A6147DC46700004B9A /* FileHelpers.m in Sources */ = {isa = PBXBuildFile; fileRef = 00B096A5147DC46700004B9A /* FileHelpers.m */; };
		00D359461437E9FA00BFA6E0 /* Cell.png in Resources */ = {isa = PBXBuildFile; fileRef = 00D359381437E9FA00BFA6E0 /* Cell.png */; };
		00D359471437E9FA00BFA6E0 /* Cell@2x.png in Resources */ = {isa = PBXBuildFile; fileRef = 00D359391437E9FA00BFA6E0 /* Cell@2x.png */; };
		00D359481437E9FA00BFA6E0 /* CellRoundedBottom.png in Resources */ = {isa = PBXBuildFile; fileRef = 00D3593A1437E9FA00BFA6E0 /* CellRoundedBottom.png */; };
		00D359491437E9FA00BFA6E0 /* CellRoundedBottom@2x.png in Resources */ = {isa = PBXBuildFile; fileRef = 00D3593B1437E9FA00BFA6E0 /* CellRoundedBottom@2x.png */; };
		00D3594A1437E9FA00BFA6E0 /* CellRoundedTop.png in Resources */ = {isa = PBXBuildFile; fileRef = 00D3593C1437E9FA00BFA6E0 /* CellRoundedTop.png */; };
		00D3594B1437E9FA00BFA6E0 /* CellRoundedTop@2x.png in Resources */ = {isa = PBXBuildFile; fileRef = 00D3593D1437E9FA00BFA6E0 /* CellRoundedTop@2x.png */; };
		00D3594C1437E9FA00BFA6E0 /* CellRoundedTopBottom.png in Resources */ = {isa = PBXBuildFile; fileRef = 00D3593E1437E9FA00BFA6E0 /* CellRoundedTopBottom.png */; };
		00D3594E1437E9FA00BFA6E0 /* CellRoundedTopBottom@2x.png in Resources */ = {isa = PBXBuildFile; fileRef = 00D359401437E9FA00BFA6E0 /* CellRoundedTopBottom@2x.png */; };
		00D359521437E9FA00BFA6E0 /* MethodBackground.png in Resources */ = {isa = PBXBuildFile; fileRef = 00D359441437E9FA00BFA6E0 /* MethodBackground.png */; };
		00D359531437E9FA00BFA6E0 /* MethodBackground@2x.png in Resources */ = {isa = PBXBuildFile; fileRef = 00D359451437E9FA00BFA6E0 /* MethodBackground@2x.png */; };
/* End PBXBuildFile section */

/* Begin PBXContainerItemProxy section */
		0057FFB813E670B1001556C4 /* PBXContainerItemProxy */ = {
			isa = PBXContainerItemProxy;
			containerPortal = 0057FF8013E670AC001556C4 /* Project object */;
			proxyType = 1;
			remoteGlobalIDString = 0057FF8813E670B0001556C4;
			remoteInfo = CoffeeTimer;
		};
/* End PBXContainerItemProxy section */

/* Begin PBXFileReference section */
		0005C534144241A900D8D825 /* BigCell.png */ = {isa = PBXFileReference; lastKnownFileType = image.png; path = BigCell.png; sourceTree = "<group>"; };
		0005C535144241A900D8D825 /* BigCell@2x.png */ = {isa = PBXFileReference; lastKnownFileType = image.png; path = "BigCell@2x.png"; sourceTree = "<group>"; };
		0005C536144241A900D8D825 /* BigCellWRoundedBottom.png */ = {isa = PBXFileReference; lastKnownFileType = image.png; path = BigCellWRoundedBottom.png; sourceTree = "<group>"; };
		0005C537144241A900D8D825 /* BigCellWRoundedBottom@2x.png */ = {isa = PBXFileReference; lastKnownFileType = image.png; path = "BigCellWRoundedBottom@2x.png"; sourceTree = "<group>"; };
		0005C538144241A900D8D825 /* BigCellWRoundedTop.png */ = {isa = PBXFileReference; lastKnownFileType = image.png; path = BigCellWRoundedTop.png; sourceTree = "<group>"; };
		0005C539144241A900D8D825 /* BigCellWRoundedTop@2x.png */ = {isa = PBXFileReference; lastKnownFileType = image.png; path = "BigCellWRoundedTop@2x.png"; sourceTree = "<group>"; };
		0005C5411442429E00D8D825 /* MatteBackground.png */ = {isa = PBXFileReference; lastKnownFileType = image.png; path = MatteBackground.png; sourceTree = "<group>"; };
		0005C5421442429E00D8D825 /* MatteBackground@2x.png */ = {isa = PBXFileReference; lastKnownFileType = image.png; path = "MatteBackground@2x.png"; sourceTree = "<group>"; };
		0005C5431442429E00D8D825 /* SimpleMatteBackground.png */ = {isa = PBXFileReference; lastKnownFileType = image.png; path = SimpleMatteBackground.png; sourceTree = "<group>"; };
		0005C5441442429E00D8D825 /* SimpleMatteBackground@2x.png */ = {isa = PBXFileReference; lastKnownFileType = image.png; path = "SimpleMatteBackground@2x.png"; sourceTree = "<group>"; };
		000F1D1F14337984006CD04F /* BrewMethod.h */ = {isa = PBXFileReference; fileEncoding = 4; lastKnownFileType = sourcecode.c.h; path = BrewMethod.h; sourceTree = "<group>"; };
		000F1D2014337984006CD04F /* BrewMethod.m */ = {isa = PBXFileReference; fileEncoding = 4; lastKnownFileType = sourcecode.c.objc; path = BrewMethod.m; sourceTree = "<group>"; };
		000F1D2214337984006CD04F /* BrewMethodListViewController.h */ = {isa = PBXFileReference; fileEncoding = 4; lastKnownFileType = sourcecode.c.h; path = BrewMethodListViewController.h; sourceTree = "<group>"; };
		000F1D2314337984006CD04F /* BrewMethodListViewController.m */ = {isa = PBXFileReference; fileEncoding = 4; lastKnownFileType = sourcecode.c.objc; path = BrewMethodListViewController.m; sourceTree = "<group>"; };
		000F1D2614337984006CD04F /* BrewMethodViewController.h */ = {isa = PBXFileReference; fileEncoding = 4; lastKnownFileType = sourcecode.c.h; path = BrewMethodViewController.h; sourceTree = "<group>"; };
		000F1D2714337984006CD04F /* BrewMethodViewController.m */ = {isa = PBXFileReference; fileEncoding = 4; lastKnownFileType = sourcecode.c.objc; path = BrewMethodViewController.m; sourceTree = "<group>"; };
		000F1D2814337984006CD04F /* BrewMethodViewController.xib */ = {isa = PBXFileReference; fileEncoding = 4; lastKnownFileType = file.xib; path = BrewMethodViewController.xib; sourceTree = "<group>"; };
		000F1D2A14337984006CD04F /* CoffeeTimerAppDelegate.h */ = {isa = PBXFileReference; fileEncoding = 4; lastKnownFileType = sourcecode.c.h; name = CoffeeTimerAppDelegate.h; path = CoffeeTimerAppDelegate/CoffeeTimerAppDelegate.h; sourceTree = "<group>"; };
		000F1D2B14337984006CD04F /* CoffeeTimerAppDelegate.m */ = {isa = PBXFileReference; fileEncoding = 4; lastKnownFileType = sourcecode.c.objc; name = CoffeeTimerAppDelegate.m; path = CoffeeTimerAppDelegate/CoffeeTimerAppDelegate.m; sourceTree = "<group>"; };
		000F1D2D14337984006CD04F /* Constants.h */ = {isa = PBXFileReference; fileEncoding = 4; lastKnownFileType = sourcecode.c.h; path = Constants.h; sourceTree = "<group>"; };
		000F1D2E14337984006CD04F /* Constants.m */ = {isa = PBXFileReference; fileEncoding = 4; lastKnownFileType = sourcecode.c.objc; path = Constants.m; sourceTree = "<group>"; };
		000F1D3014337984006CD04F /* Background.png */ = {isa = PBXFileReference; lastKnownFileType = image.png; path = Background.png; sourceTree = "<group>"; };
		000F1D3114337984006CD04F /* Background@2x.png */ = {isa = PBXFileReference; lastKnownFileType = image.png; path = "Background@2x.png"; sourceTree = "<group>"; };
		000F1D3214337984006CD04F /* Buttons */ = {isa = PBXFileReference; lastKnownFileType = file; path = Buttons; sourceTree = "<group>"; };
		000F1D3314337984006CD04F /* Buttons@2x */ = {isa = PBXFileReference; lastKnownFileType = file; path = "Buttons@2x"; sourceTree = "<group>"; };
		000F1D3414337984006CD04F /* Cell */ = {isa = PBXFileReference; lastKnownFileType = file; path = Cell; sourceTree = "<group>"; };
		000F1D3514337984006CD04F /* Cell@2x */ = {isa = PBXFileReference; lastKnownFileType = file; path = "Cell@2x"; sourceTree = "<group>"; };
		000F1D3C14337984006CD04F /* Slider */ = {isa = PBXFileReference; lastKnownFileType = file; path = Slider; sourceTree = "<group>"; };
		000F1D3D14337984006CD04F /* Slider@2x.png */ = {isa = PBXFileReference; lastKnownFileType = image.png; path = "Slider@2x.png"; sourceTree = "<group>"; };
		000F1D3E14337984006CD04F /* TabBackground */ = {isa = PBXFileReference; lastKnownFileType = file; path = TabBackground; sourceTree = "<group>"; };
		000F1D3F14337984006CD04F /* TabBackground@2x */ = {isa = PBXFileReference; lastKnownFileType = file; path = "TabBackground@2x"; sourceTree = "<group>"; };
		000F1D4414337984006CD04F /* Timer */ = {isa = PBXFileReference; lastKnownFileType = file; path = Timer; sourceTree = "<group>"; };
		000F1D4514337984006CD04F /* Timer@2x */ = {isa = PBXFileReference; lastKnownFileType = file; path = "Timer@2x"; sourceTree = "<group>"; };
		000F1D4714337984006CD04F /* SliderTabBarView.h */ = {isa = PBXFileReference; fileEncoding = 4; lastKnownFileType = sourcecode.c.h; path = SliderTabBarView.h; sourceTree = "<group>"; };
		000F1D4814337984006CD04F /* SliderTabBarView.m */ = {isa = PBXFileReference; fileEncoding = 4; lastKnownFileType = sourcecode.c.objc; path = SliderTabBarView.m; sourceTree = "<group>"; };
		000F1D4A14337984006CD04F /* TimerStep.h */ = {isa = PBXFileReference; fileEncoding = 4; lastKnownFileType = sourcecode.c.h; path = TimerStep.h; sourceTree = "<group>"; };
		000F1D4B14337984006CD04F /* TimerStep.m */ = {isa = PBXFileReference; fileEncoding = 4; lastKnownFileType = sourcecode.c.objc; path = TimerStep.m; sourceTree = "<group>"; };
		001103C11437B9DB00C6467B /* AudioToolbox.framework */ = {isa = PBXFileReference; lastKnownFileType = wrapper.framework; name = AudioToolbox.framework; path = System/Library/Frameworks/AudioToolbox.framework; sourceTree = SDKROOT; };
		0012F3901442B89600D12B55 /* BrewMethodListCell.xib */ = {isa = PBXFileReference; fileEncoding = 4; lastKnownFileType = file.xib; path = BrewMethodListCell.xib; sourceTree = "<group>"; };
		003486711439728600960768 /* BrewMethodTableViewCell.xib */ = {isa = PBXFileReference; fileEncoding = 4; lastKnownFileType = file.xib; path = BrewMethodTableViewCell.xib; sourceTree = "<group>"; };
		0048B5F214815B9E00CCF57E /* BigCellTest.png */ = {isa = PBXFileReference; lastKnownFileType = image.png; path = BigCellTest.png; sourceTree = "<group>"; };
		0048B5F314815B9E00CCF57E /* BigCellTest@2x.png */ = {isa = PBXFileReference; lastKnownFileType = image.png; path = "BigCellTest@2x.png"; sourceTree = "<group>"; };
		0048B60B148165D000CCF57E /* StarOn.png */ = {isa = PBXFileReference; lastKnownFileType = image.png; path = StarOn.png; sourceTree = "<group>"; };
		0048B60C148165D000CCF57E /* StarOn@2x.png */ = {isa = PBXFileReference; lastKnownFileType = image.png; path = "StarOn@2x.png"; sourceTree = "<group>"; };
		0048B613148169F300CCF57E /* CellTest.png */ = {isa = PBXFileReference; lastKnownFileType = image.png; path = CellTest.png; sourceTree = "<group>"; };
		0048B614148169F300CCF57E /* CellTest@2x.png */ = {isa = PBXFileReference; lastKnownFileType = image.png; path = "CellTest@2x.png"; sourceTree = "<group>"; };
		0048B6171481712500CCF57E /* BigCellRoundedBottom.png */ = {isa = PBXFileReference; lastKnownFileType = image.png; path = BigCellRoundedBottom.png; sourceTree = "<group>"; };
		0048B6181481712500CCF57E /* BigCellRoundedBottom@2x.png */ = {isa = PBXFileReference; lastKnownFileType = image.png; path = "BigCellRoundedBottom@2x.png"; sourceTree = "<group>"; };
		0048B61B1481712500CCF57E /* BigCellRoundedTopBottom.png */ = {isa = PBXFileReference; lastKnownFileType = image.png; path = BigCellRoundedTopBottom.png; sourceTree = "<group>"; };
		0048B61C1481712500CCF57E /* BigCellRoundedTopBottom@2x.png */ = {isa = PBXFileReference; lastKnownFileType = image.png; path = "BigCellRoundedTopBottom@2x.png"; sourceTree = "<group>"; };
		0048B6271481733200CCF57E /* BigCellRoundedTop.png */ = {isa = PBXFileReference; lastKnownFileType = image.png; path = BigCellRoundedTop.png; sourceTree = "<group>"; };
		0048B6281481733200CCF57E /* BigCellRoundedTop@2x.png */ = {isa = PBXFileReference; lastKnownFileType = image.png; path = "BigCellRoundedTop@2x.png"; sourceTree = "<group>"; };
		0048B62F14818C0400CCF57E /* NavBar.png */ = {isa = PBXFileReference; lastKnownFileType = image.png; path = NavBar.png; sourceTree = "<group>"; };
		0048B63014818C0400CCF57E /* NavBar@2x.png */ = {isa = PBXFileReference; lastKnownFileType = image.png; path = "NavBar@2x.png"; sourceTree = "<group>"; };
		0048B63314818C8800CCF57E /* NavBar2.png */ = {isa = PBXFileReference; lastKnownFileType = image.png; path = NavBar2.png; sourceTree = "<group>"; };
		0048B63414818C8800CCF57E /* NavBar2@2x.png */ = {isa = PBXFileReference; lastKnownFileType = image.png; path = "NavBar2@2x.png"; sourceTree = "<group>"; };
		0048B63714818FE000CCF57E /* StarOff.png */ = {isa = PBXFileReference; lastKnownFileType = image.png; path = StarOff.png; sourceTree = "<group>"; };
		0048B63814818FE000CCF57E /* StarOff@2x.png */ = {isa = PBXFileReference; lastKnownFileType = image.png; path = "StarOff@2x.png"; sourceTree = "<group>"; };
		0048B63B148190C200CCF57E /* StarOff2.png */ = {isa = PBXFileReference; lastKnownFileType = image.png; path = StarOff2.png; sourceTree = "<group>"; };
		0048B63C148190C200CCF57E /* StarOff2@2x.png */ = {isa = PBXFileReference; lastKnownFileType = image.png; path = "StarOff2@2x.png"; sourceTree = "<group>"; };
		0057FF8913E670B0001556C4 /* CoffeeTimer.app */ = {isa = PBXFileReference; explicitFileType = wrapper.application; includeInIndex = 0; path = CoffeeTimer.app; sourceTree = BUILT_PRODUCTS_DIR; };
		0057FF8D13E670B0001556C4 /* UIKit.framework */ = {isa = PBXFileReference; lastKnownFileType = wrapper.framework; name = UIKit.framework; path = System/Library/Frameworks/UIKit.framework; sourceTree = SDKROOT; };
		0057FF8F13E670B0001556C4 /* Foundation.framework */ = {isa = PBXFileReference; lastKnownFileType = wrapper.framework; name = Foundation.framework; path = System/Library/Frameworks/Foundation.framework; sourceTree = SDKROOT; };
		0057FF9113E670B0001556C4 /* CoreGraphics.framework */ = {isa = PBXFileReference; lastKnownFileType = wrapper.framework; name = CoreGraphics.framework; path = System/Library/Frameworks/CoreGraphics.framework; sourceTree = SDKROOT; };
		0057FF9513E670B0001556C4 /* CoffeeTimer-Info.plist */ = {isa = PBXFileReference; lastKnownFileType = text.plist.xml; path = "CoffeeTimer-Info.plist"; sourceTree = "<group>"; };
		0057FF9713E670B0001556C4 /* en */ = {isa = PBXFileReference; lastKnownFileType = text.plist.strings; name = en; path = en.lproj/InfoPlist.strings; sourceTree = "<group>"; };
		0057FF9B13E670B0001556C4 /* CoffeeTimer-Prefix.pch */ = {isa = PBXFileReference; lastKnownFileType = sourcecode.c.h; path = "CoffeeTimer-Prefix.pch"; sourceTree = "<group>"; };
		0057FFA013E670B0001556C4 /* CoffeeTimerAppDelegate_iPhone.h */ = {isa = PBXFileReference; lastKnownFileType = sourcecode.c.h; name = CoffeeTimerAppDelegate_iPhone.h; path = iPhone/CoffeeTimerAppDelegate_iPhone.h; sourceTree = "<group>"; };
		0057FFA113E670B0001556C4 /* CoffeeTimerAppDelegate_iPhone.m */ = {isa = PBXFileReference; lastKnownFileType = sourcecode.c.objc; name = CoffeeTimerAppDelegate_iPhone.m; path = iPhone/CoffeeTimerAppDelegate_iPhone.m; sourceTree = "<group>"; };
		0057FFA413E670B0001556C4 /* en */ = {isa = PBXFileReference; lastKnownFileType = file.xib; name = en; path = iPhone/en.lproj/MainWindow_iPhone.xib; sourceTree = "<group>"; };
		0057FFA713E670B0001556C4 /* CoffeeTimerAppDelegate_iPad.h */ = {isa = PBXFileReference; lastKnownFileType = sourcecode.c.h; name = CoffeeTimerAppDelegate_iPad.h; path = iPad/CoffeeTimerAppDelegate_iPad.h; sourceTree = "<group>"; };
		0057FFA813E670B1001556C4 /* CoffeeTimerAppDelegate_iPad.m */ = {isa = PBXFileReference; lastKnownFileType = sourcecode.c.objc; name = CoffeeTimerAppDelegate_iPad.m; path = iPad/CoffeeTimerAppDelegate_iPad.m; sourceTree = "<group>"; };
		0057FFAB13E670B1001556C4 /* en */ = {isa = PBXFileReference; lastKnownFileType = file.xib; name = en; path = iPad/en.lproj/MainWindow_iPad.xib; sourceTree = "<group>"; };
		0057FFB213E670B1001556C4 /* CoffeeTimerTests.octest */ = {isa = PBXFileReference; explicitFileType = wrapper.cfbundle; includeInIndex = 0; path = CoffeeTimerTests.octest; sourceTree = BUILT_PRODUCTS_DIR; };
		0057FFB313E670B1001556C4 /* SenTestingKit.framework */ = {isa = PBXFileReference; lastKnownFileType = wrapper.framework; name = SenTestingKit.framework; path = Library/Frameworks/SenTestingKit.framework; sourceTree = DEVELOPER_DIR; };
		0057FFBC13E670B1001556C4 /* CoffeeTimerTests-Info.plist */ = {isa = PBXFileReference; lastKnownFileType = text.plist.xml; path = "CoffeeTimerTests-Info.plist"; sourceTree = "<group>"; };
		0057FFBE13E670B1001556C4 /* en */ = {isa = PBXFileReference; lastKnownFileType = text.plist.strings; name = en; path = en.lproj/InfoPlist.strings; sourceTree = "<group>"; };
		0057FFC013E670B1001556C4 /* CoffeeTimerTests.h */ = {isa = PBXFileReference; lastKnownFileType = sourcecode.c.h; path = CoffeeTimerTests.h; sourceTree = "<group>"; };
		0057FFC213E670B2001556C4 /* CoffeeTimerTests.m */ = {isa = PBXFileReference; lastKnownFileType = sourcecode.c.objc; path = CoffeeTimerTests.m; sourceTree = "<group>"; };
		006C93F71468B96300C9F3C1 /* CoffeeTime57.png */ = {isa = PBXFileReference; lastKnownFileType = image.png; name = CoffeeTime57.png; path = ../../../../../../Downloads/Attachments/CoffeeTime57.png; sourceTree = "<group>"; };
		006C93F81468B96300C9F3C1 /* CoffeeTime112.png */ = {isa = PBXFileReference; lastKnownFileType = image.png; name = CoffeeTime112.png; path = ../../../../../../Downloads/Attachments/CoffeeTime112.png; sourceTree = "<group>"; };
		006C93FC1468B98600C9F3C1 /* Default.png */ = {isa = PBXFileReference; lastKnownFileType = image.png; path = Default.png; sourceTree = "<group>"; };
		006C93FD1468B98600C9F3C1 /* Default@2x.png */ = {isa = PBXFileReference; lastKnownFileType = image.png; path = "Default@2x.png"; sourceTree = "<group>"; };
		006F06D4144F455700D0766B /* BrewMethodTableViewSimpleCell.xib */ = {isa = PBXFileReference; fileEncoding = 4; lastKnownFileType = file.xib; name = BrewMethodTableViewSimpleCell.xib; path = "../../../../../../Desktop/Macintosh HD/Users/rasmusrygaard/Documents/Developer/iPhone Apps/CoffeeTimer/CoffeeTimer/BrewMethodViewController/BrewMethodTableViewSimpleCell.xib"; sourceTree = "<group>"; };
		007EDE4014337CA700F5555E /* main.m */ = {isa = PBXFileReference; fileEncoding = 4; lastKnownFileType = sourcecode.c.objc; path = main.m; sourceTree = "<group>"; };
		00985235147EEBD2002B540C /* AddMethodViewController.h */ = {isa = PBXFileReference; fileEncoding = 4; lastKnownFileType = sourcecode.c.h; name = AddMethodViewController.h; path = AddMethodViewController/AddMethodViewController.h; sourceTree = "<group>"; };
		00985236147EEBD2002B540C /* AddMethodViewController.m */ = {isa = PBXFileReference; fileEncoding = 4; lastKnownFileType = sourcecode.c.objc; name = AddMethodViewController.m; path = AddMethodViewController/AddMethodViewController.m; sourceTree = "<group>"; };
		00985237147EEBD2002B540C /* AddMethodView.xib */ = {isa = PBXFileReference; fileEncoding = 4; lastKnownFileType = file.xib; name = AddMethodView.xib; path = AddMethodViewController/AddMethodView.xib; sourceTree = "<group>"; };
		0098523A147EF072002B540C /* AddMethodTableViewCell.xib */ = {isa = PBXFileReference; fileEncoding = 4; lastKnownFileType = file.xib; name = AddMethodTableViewCell.xib; path = AddMethodViewController/AddMethodTableViewCell.xib; sourceTree = "<group>"; };
		0098523E147EF9AA002B540C /* AddMethodView.h */ = {isa = PBXFileReference; fileEncoding = 4; lastKnownFileType = sourcecode.c.h; name = AddMethodView.h; path = AddMethodViewController/AddMethodView.h; sourceTree = "<group>"; };
		0098523F147EF9AA002B540C /* AddMethodView.m */ = {isa = PBXFileReference; fileEncoding = 4; lastKnownFileType = sourcecode.c.objc; name = AddMethodView.m; path = AddMethodViewController/AddMethodView.m; sourceTree = "<group>"; };
		00A226C2141CE2D9006EEE4F /* QuartzCore.framework */ = {isa = PBXFileReference; lastKnownFileType = wrapper.framework; name = QuartzCore.framework; path = System/Library/Frameworks/QuartzCore.framework; sourceTree = SDKROOT; };
		00B096A5147DC46700004B9A /* FileHelpers.m */ = {isa = PBXFileReference; fileEncoding = 4; lastKnownFileType = sourcecode.c.objc; name = FileHelpers.m; path = CoffeeTimer/Helpers/FileHelpers.m; sourceTree = SOURCE_ROOT; };
		00B096A9147DC4D100004B9A /* FileHelpers.h */ = {isa = PBXFileReference; fileEncoding = 4; lastKnownFileType = sourcecode.c.h; name = FileHelpers.h; path = Helpers/FileHelpers.h; sourceTree = "<group>"; };
		00D359381437E9FA00BFA6E0 /* Cell.png */ = {isa = PBXFileReference; lastKnownFileType = image.png; path = Cell.png; sourceTree = "<group>"; };
		00D359391437E9FA00BFA6E0 /* Cell@2x.png */ = {isa = PBXFileReference; lastKnownFileType = image.png; path = "Cell@2x.png"; sourceTree = "<group>"; };
		00D3593A1437E9FA00BFA6E0 /* CellRoundedBottom.png */ = {isa = PBXFileReference; lastKnownFileType = image.png; path = CellRoundedBottom.png; sourceTree = "<group>"; };
		00D3593B1437E9FA00BFA6E0 /* CellRoundedBottom@2x.png */ = {isa = PBXFileReference; lastKnownFileType = image.png; path = "CellRoundedBottom@2x.png"; sourceTree = "<group>"; };
		00D3593C1437E9FA00BFA6E0 /* CellRoundedTop.png */ = {isa = PBXFileReference; lastKnownFileType = image.png; path = CellRoundedTop.png; sourceTree = "<group>"; };
		00D3593D1437E9FA00BFA6E0 /* CellRoundedTop@2x.png */ = {isa = PBXFileReference; lastKnownFileType = image.png; path = "CellRoundedTop@2x.png"; sourceTree = "<group>"; };
		00D3593E1437E9FA00BFA6E0 /* CellRoundedTopBottom.png */ = {isa = PBXFileReference; lastKnownFileType = image.png; path = CellRoundedTopBottom.png; sourceTree = "<group>"; };
		00D359401437E9FA00BFA6E0 /* CellRoundedTopBottom@2x.png */ = {isa = PBXFileReference; lastKnownFileType = image.png; path = "CellRoundedTopBottom@2x.png"; sourceTree = "<group>"; };
		00D359441437E9FA00BFA6E0 /* MethodBackground.png */ = {isa = PBXFileReference; lastKnownFileType = image.png; path = MethodBackground.png; sourceTree = "<group>"; };
		00D359451437E9FA00BFA6E0 /* MethodBackground@2x.png */ = {isa = PBXFileReference; lastKnownFileType = image.png; path = "MethodBackground@2x.png"; sourceTree = "<group>"; };
/* End PBXFileReference section */

/* Begin PBXFrameworksBuildPhase section */
		0057FF8613E670B0001556C4 /* Frameworks */ = {
			isa = PBXFrameworksBuildPhase;
			buildActionMask = 2147483647;
			files = (
				001103C21437B9DB00C6467B /* AudioToolbox.framework in Frameworks */,
				00A226C3141CE2D9006EEE4F /* QuartzCore.framework in Frameworks */,
				0057FF8E13E670B0001556C4 /* UIKit.framework in Frameworks */,
				0057FF9013E670B0001556C4 /* Foundation.framework in Frameworks */,
				0057FF9213E670B0001556C4 /* CoreGraphics.framework in Frameworks */,
			);
			runOnlyForDeploymentPostprocessing = 0;
		};
		0057FFAE13E670B1001556C4 /* Frameworks */ = {
			isa = PBXFrameworksBuildPhase;
			buildActionMask = 2147483647;
			files = (
				0057FFB413E670B1001556C4 /* SenTestingKit.framework in Frameworks */,
				0057FFB513E670B1001556C4 /* UIKit.framework in Frameworks */,
				0057FFB613E670B1001556C4 /* Foundation.framework in Frameworks */,
				0057FFB713E670B1001556C4 /* CoreGraphics.framework in Frameworks */,
			);
			runOnlyForDeploymentPostprocessing = 0;
		};
/* End PBXFrameworksBuildPhase section */

/* Begin PBXGroup section */
		000F1D1E14337984006CD04F /* BrewMethod */ = {
			isa = PBXGroup;
			children = (
				000F1D1F14337984006CD04F /* BrewMethod.h */,
				000F1D2014337984006CD04F /* BrewMethod.m */,
			);
			path = BrewMethod;
			sourceTree = "<group>";
		};
		000F1D2114337984006CD04F /* BrewMethodListViewController */ = {
			isa = PBXGroup;
			children = (
				000F1D2214337984006CD04F /* BrewMethodListViewController.h */,
				000F1D2314337984006CD04F /* BrewMethodListViewController.m */,
				0012F3901442B89600D12B55 /* BrewMethodListCell.xib */,
			);
			path = BrewMethodListViewController;
			sourceTree = "<group>";
		};
		000F1D2514337984006CD04F /* BrewMethodViewController */ = {
			isa = PBXGroup;
			children = (
				000F1D2614337984006CD04F /* BrewMethodViewController.h */,
				006F06D4144F455700D0766B /* BrewMethodTableViewSimpleCell.xib */,
				000F1D2714337984006CD04F /* BrewMethodViewController.m */,
				000F1D2814337984006CD04F /* BrewMethodViewController.xib */,
				003486711439728600960768 /* BrewMethodTableViewCell.xib */,
			);
			path = BrewMethodViewController;
			sourceTree = "<group>";
		};
		000F1D2C14337984006CD04F /* Constants */ = {
			isa = PBXGroup;
			children = (
				000F1D2D14337984006CD04F /* Constants.h */,
				000F1D2E14337984006CD04F /* Constants.m */,
			);
			path = Constants;
			sourceTree = "<group>";
		};
		000F1D2F14337984006CD04F /* Graphics */ = {
			isa = PBXGroup;
			children = (
				0048B63B148190C200CCF57E /* StarOff2.png */,
				0048B63C148190C200CCF57E /* StarOff2@2x.png */,
				0048B63714818FE000CCF57E /* StarOff.png */,
				0048B63814818FE000CCF57E /* StarOff@2x.png */,
				0048B62F14818C0400CCF57E /* NavBar.png */,
				0048B63014818C0400CCF57E /* NavBar@2x.png */,
				0048B6271481733200CCF57E /* BigCellRoundedTop.png */,
				0048B6281481733200CCF57E /* BigCellRoundedTop@2x.png */,
				0048B6171481712500CCF57E /* BigCellRoundedBottom.png */,
				0048B6181481712500CCF57E /* BigCellRoundedBottom@2x.png */,
				0048B61B1481712500CCF57E /* BigCellRoundedTopBottom.png */,
				0048B61C1481712500CCF57E /* BigCellRoundedTopBottom@2x.png */,
				0048B613148169F300CCF57E /* CellTest.png */,
				0048B614148169F300CCF57E /* CellTest@2x.png */,
				0048B60B148165D000CCF57E /* StarOn.png */,
				0048B60C148165D000CCF57E /* StarOn@2x.png */,
				0048B63314818C8800CCF57E /* NavBar2.png */,
				0048B63414818C8800CCF57E /* NavBar2@2x.png */,
				0048B5F214815B9E00CCF57E /* BigCellTest.png */,
				0048B5F314815B9E00CCF57E /* BigCellTest@2x.png */,
				0005C5411442429E00D8D825 /* MatteBackground.png */,
				0005C5421442429E00D8D825 /* MatteBackground@2x.png */,
				0005C5431442429E00D8D825 /* SimpleMatteBackground.png */,
				0005C5441442429E00D8D825 /* SimpleMatteBackground@2x.png */,
				0005C534144241A900D8D825 /* BigCell.png */,
				0005C535144241A900D8D825 /* BigCell@2x.png */,
				0005C536144241A900D8D825 /* BigCellWRoundedBottom.png */,
				0005C537144241A900D8D825 /* BigCellWRoundedBottom@2x.png */,
				0005C538144241A900D8D825 /* BigCellWRoundedTop.png */,
				0005C539144241A900D8D825 /* BigCellWRoundedTop@2x.png */,
				00D359381437E9FA00BFA6E0 /* Cell.png */,
				00D359391437E9FA00BFA6E0 /* Cell@2x.png */,
				00D3593A1437E9FA00BFA6E0 /* CellRoundedBottom.png */,
				00D3593B1437E9FA00BFA6E0 /* CellRoundedBottom@2x.png */,
				00D3593C1437E9FA00BFA6E0 /* CellRoundedTop.png */,
				00D3593D1437E9FA00BFA6E0 /* CellRoundedTop@2x.png */,
				00D3593E1437E9FA00BFA6E0 /* CellRoundedTopBottom.png */,
				00D359401437E9FA00BFA6E0 /* CellRoundedTopBottom@2x.png */,
				006C93F71468B96300C9F3C1 /* CoffeeTime57.png */,
				006C93F81468B96300C9F3C1 /* CoffeeTime112.png */,
				006C93FC1468B98600C9F3C1 /* Default.png */,
				006C93FD1468B98600C9F3C1 /* Default@2x.png */,
				00D359441437E9FA00BFA6E0 /* MethodBackground.png */,
				00D359451437E9FA00BFA6E0 /* MethodBackground@2x.png */,
				000F1D3014337984006CD04F /* Background.png */,
				000F1D3114337984006CD04F /* Background@2x.png */,
				000F1D3214337984006CD04F /* Buttons */,
				000F1D3314337984006CD04F /* Buttons@2x */,
				000F1D3414337984006CD04F /* Cell */,
				000F1D3514337984006CD04F /* Cell@2x */,
				000F1D3C14337984006CD04F /* Slider */,
				000F1D3D14337984006CD04F /* Slider@2x.png */,
				000F1D3E14337984006CD04F /* TabBackground */,
				000F1D3F14337984006CD04F /* TabBackground@2x */,
				000F1D4414337984006CD04F /* Timer */,
				000F1D4514337984006CD04F /* Timer@2x */,
			);
			path = Graphics;
			sourceTree = "<group>";
		};
		000F1D4614337984006CD04F /* SliderTabBarView */ = {
			isa = PBXGroup;
			children = (
				000F1D4714337984006CD04F /* SliderTabBarView.h */,
				000F1D4814337984006CD04F /* SliderTabBarView.m */,
			);
			path = SliderTabBarView;
			sourceTree = "<group>";
		};
		000F1D4914337984006CD04F /* TimerStep */ = {
			isa = PBXGroup;
			children = (
				000F1D4A14337984006CD04F /* TimerStep.h */,
				000F1D4B14337984006CD04F /* TimerStep.m */,
			);
			path = TimerStep;
			sourceTree = "<group>";
		};
		0057FF7E13E670AB001556C4 = {
			isa = PBXGroup;
			children = (
				001103C11437B9DB00C6467B /* AudioToolbox.framework */,
				00A226C2141CE2D9006EEE4F /* QuartzCore.framework */,
				0057FF9313E670B0001556C4 /* CoffeeTimer */,
				0057FFBA13E670B1001556C4 /* CoffeeTimerTests */,
				0057FF8C13E670B0001556C4 /* Frameworks */,
				0057FF8A13E670B0001556C4 /* Products */,
			);
			sourceTree = "<group>";
		};
		0057FF8A13E670B0001556C4 /* Products */ = {
			isa = PBXGroup;
			children = (
				0057FF8913E670B0001556C4 /* CoffeeTimer.app */,
				0057FFB213E670B1001556C4 /* CoffeeTimerTests.octest */,
			);
			name = Products;
			sourceTree = "<group>";
		};
		0057FF8C13E670B0001556C4 /* Frameworks */ = {
			isa = PBXGroup;
			children = (
				0057FF8D13E670B0001556C4 /* UIKit.framework */,
				0057FF8F13E670B0001556C4 /* Foundation.framework */,
				0057FF9113E670B0001556C4 /* CoreGraphics.framework */,
				0057FFB313E670B1001556C4 /* SenTestingKit.framework */,
			);
			name = Frameworks;
			sourceTree = "<group>";
		};
		0057FF9313E670B0001556C4 /* CoffeeTimer */ = {
			isa = PBXGroup;
			children = (
				000F1D2A14337984006CD04F /* CoffeeTimerAppDelegate.h */,
				000F1D2B14337984006CD04F /* CoffeeTimerAppDelegate.m */,
				00985233147EEB9A002B540C /* AddMethodViewController */,
				000F1D1E14337984006CD04F /* BrewMethod */,
				000F1D2114337984006CD04F /* BrewMethodListViewController */,
				000F1D2514337984006CD04F /* BrewMethodViewController */,
				000F1D2C14337984006CD04F /* Constants */,
				000F1D2F14337984006CD04F /* Graphics */,
				00B096A8147DC47100004B9A /* Helpers */,
				000F1D4614337984006CD04F /* SliderTabBarView */,
				000F1D4914337984006CD04F /* TimerStep */,
				0057FF9F13E670B0001556C4 /* iPhone */,
				0057FFA613E670B0001556C4 /* iPad */,
				0057FF9413E670B0001556C4 /* Supporting Files */,
				007EDE4014337CA700F5555E /* main.m */,
			);
			path = CoffeeTimer;
			sourceTree = "<group>";
		};
		0057FF9413E670B0001556C4 /* Supporting Files */ = {
			isa = PBXGroup;
			children = (
				0057FF9513E670B0001556C4 /* CoffeeTimer-Info.plist */,
				0057FF9613E670B0001556C4 /* InfoPlist.strings */,
				0057FF9B13E670B0001556C4 /* CoffeeTimer-Prefix.pch */,
			);
			name = "Supporting Files";
			sourceTree = "<group>";
		};
		0057FF9F13E670B0001556C4 /* iPhone */ = {
			isa = PBXGroup;
			children = (
				0057FFA013E670B0001556C4 /* CoffeeTimerAppDelegate_iPhone.h */,
				0057FFA113E670B0001556C4 /* CoffeeTimerAppDelegate_iPhone.m */,
				0057FFA313E670B0001556C4 /* MainWindow_iPhone.xib */,
			);
			name = iPhone;
			sourceTree = "<group>";
		};
		0057FFA613E670B0001556C4 /* iPad */ = {
			isa = PBXGroup;
			children = (
				0057FFA713E670B0001556C4 /* CoffeeTimerAppDelegate_iPad.h */,
				0057FFA813E670B1001556C4 /* CoffeeTimerAppDelegate_iPad.m */,
				0057FFAA13E670B1001556C4 /* MainWindow_iPad.xib */,
			);
			name = iPad;
			sourceTree = "<group>";
		};
		0057FFBA13E670B1001556C4 /* CoffeeTimerTests */ = {
			isa = PBXGroup;
			children = (
				0057FFC013E670B1001556C4 /* CoffeeTimerTests.h */,
				0057FFC213E670B2001556C4 /* CoffeeTimerTests.m */,
				0057FFBB13E670B1001556C4 /* Supporting Files */,
			);
			path = CoffeeTimerTests;
			sourceTree = "<group>";
		};
		0057FFBB13E670B1001556C4 /* Supporting Files */ = {
			isa = PBXGroup;
			children = (
				0057FFBC13E670B1001556C4 /* CoffeeTimerTests-Info.plist */,
				0057FFBD13E670B1001556C4 /* InfoPlist.strings */,
			);
			name = "Supporting Files";
			sourceTree = "<group>";
		};
		00985233147EEB9A002B540C /* AddMethodViewController */ = {
			isa = PBXGroup;
			children = (
				0098523E147EF9AA002B540C /* AddMethodView.h */,
				0098523F147EF9AA002B540C /* AddMethodView.m */,
				00985235147EEBD2002B540C /* AddMethodViewController.h */,
				00985236147EEBD2002B540C /* AddMethodViewController.m */,
				00985237147EEBD2002B540C /* AddMethodView.xib */,
				0098523A147EF072002B540C /* AddMethodTableViewCell.xib */,
			);
			name = AddMethodViewController;
			sourceTree = "<group>";
		};
		00B096A8147DC47100004B9A /* Helpers */ = {
			isa = PBXGroup;
			children = (
				00B096A5147DC46700004B9A /* FileHelpers.m */,
				00B096A9147DC4D100004B9A /* FileHelpers.h */,
			);
			name = Helpers;
			sourceTree = "<group>";
		};
/* End PBXGroup section */

/* Begin PBXNativeTarget section */
		0057FF8813E670B0001556C4 /* CoffeeTimer */ = {
			isa = PBXNativeTarget;
			buildConfigurationList = 0057FFC613E670B2001556C4 /* Build configuration list for PBXNativeTarget "CoffeeTimer" */;
			buildPhases = (
				0057FF8513E670B0001556C4 /* Sources */,
				0057FF8613E670B0001556C4 /* Frameworks */,
				0057FF8713E670B0001556C4 /* Resources */,
			);
			buildRules = (
			);
			dependencies = (
			);
			name = CoffeeTimer;
			productName = CoffeeTimer;
			productReference = 0057FF8913E670B0001556C4 /* CoffeeTimer.app */;
			productType = "com.apple.product-type.application";
		};
		0057FFB113E670B1001556C4 /* CoffeeTimerTests */ = {
			isa = PBXNativeTarget;
			buildConfigurationList = 0057FFC913E670B2001556C4 /* Build configuration list for PBXNativeTarget "CoffeeTimerTests" */;
			buildPhases = (
				0057FFAD13E670B1001556C4 /* Sources */,
				0057FFAE13E670B1001556C4 /* Frameworks */,
				0057FFAF13E670B1001556C4 /* Resources */,
				0057FFB013E670B1001556C4 /* ShellScript */,
			);
			buildRules = (
			);
			dependencies = (
				0057FFB913E670B1001556C4 /* PBXTargetDependency */,
			);
			name = CoffeeTimerTests;
			productName = CoffeeTimerTests;
			productReference = 0057FFB213E670B1001556C4 /* CoffeeTimerTests.octest */;
			productType = "com.apple.product-type.bundle";
		};
/* End PBXNativeTarget section */

/* Begin PBXProject section */
		0057FF8013E670AC001556C4 /* Project object */ = {
			isa = PBXProject;
			attributes = {
				LastUpgradeCheck = 0420;
			};
			buildConfigurationList = 0057FF8313E670AC001556C4 /* Build configuration list for PBXProject "CoffeeTimer" */;
			compatibilityVersion = "Xcode 3.2";
			developmentRegion = English;
			hasScannedForEncodings = 0;
			knownRegions = (
				en,
			);
			mainGroup = 0057FF7E13E670AB001556C4;
			productRefGroup = 0057FF8A13E670B0001556C4 /* Products */;
			projectDirPath = "";
			projectRoot = "";
			targets = (
				0057FF8813E670B0001556C4 /* CoffeeTimer */,
				0057FFB113E670B1001556C4 /* CoffeeTimerTests */,
			);
		};
/* End PBXProject section */

/* Begin PBXResourcesBuildPhase section */
		0057FF8713E670B0001556C4 /* Resources */ = {
			isa = PBXResourcesBuildPhase;
			buildActionMask = 2147483647;
			files = (
				0057FF9813E670B0001556C4 /* InfoPlist.strings in Resources */,
				0057FFA513E670B0001556C4 /* MainWindow_iPhone.xib in Resources */,
				0057FFAC13E670B1001556C4 /* MainWindow_iPad.xib in Resources */,
				000F1D5014337984006CD04F /* BrewMethodViewController.xib in Resources */,
				000F1D5314337984006CD04F /* Background.png in Resources */,
				000F1D5414337984006CD04F /* Background@2x.png in Resources */,
				000F1D5514337984006CD04F /* Buttons in Resources */,
				000F1D5614337984006CD04F /* Buttons@2x in Resources */,
				000F1D5714337984006CD04F /* Cell in Resources */,
				000F1D5814337984006CD04F /* Cell@2x in Resources */,
				000F1D5F14337984006CD04F /* Slider in Resources */,
				000F1D6014337984006CD04F /* Slider@2x.png in Resources */,
				000F1D6114337984006CD04F /* TabBackground in Resources */,
				000F1D6214337984006CD04F /* TabBackground@2x in Resources */,
				000F1D6714337984006CD04F /* Timer in Resources */,
				000F1D6814337984006CD04F /* Timer@2x in Resources */,
				00D359461437E9FA00BFA6E0 /* Cell.png in Resources */,
				00D359471437E9FA00BFA6E0 /* Cell@2x.png in Resources */,
				00D359481437E9FA00BFA6E0 /* CellRoundedBottom.png in Resources */,
				00D359491437E9FA00BFA6E0 /* CellRoundedBottom@2x.png in Resources */,
				00D3594A1437E9FA00BFA6E0 /* CellRoundedTop.png in Resources */,
				00D3594B1437E9FA00BFA6E0 /* CellRoundedTop@2x.png in Resources */,
				00D3594C1437E9FA00BFA6E0 /* CellRoundedTopBottom.png in Resources */,
				00D3594E1437E9FA00BFA6E0 /* CellRoundedTopBottom@2x.png in Resources */,
				00D359521437E9FA00BFA6E0 /* MethodBackground.png in Resources */,
				00D359531437E9FA00BFA6E0 /* MethodBackground@2x.png in Resources */,
				003486721439728600960768 /* BrewMethodTableViewCell.xib in Resources */,
				0005C53A144241A900D8D825 /* BigCell.png in Resources */,
				0005C53B144241A900D8D825 /* BigCell@2x.png in Resources */,
				0005C53C144241A900D8D825 /* BigCellWRoundedBottom.png in Resources */,
				0005C53D144241A900D8D825 /* BigCellWRoundedBottom@2x.png in Resources */,
				0005C53E144241A900D8D825 /* BigCellWRoundedTop.png in Resources */,
				0005C53F144241A900D8D825 /* BigCellWRoundedTop@2x.png in Resources */,
				0005C5451442429E00D8D825 /* MatteBackground.png in Resources */,
				0005C5461442429E00D8D825 /* MatteBackground@2x.png in Resources */,
				0005C5471442429E00D8D825 /* SimpleMatteBackground.png in Resources */,
				0005C5481442429E00D8D825 /* SimpleMatteBackground@2x.png in Resources */,
				0012F3911442B89600D12B55 /* BrewMethodListCell.xib in Resources */,
				006F06D5144F455700D0766B /* BrewMethodTableViewSimpleCell.xib in Resources */,
				006C93F91468B96300C9F3C1 /* CoffeeTime57.png in Resources */,
				006C93FA1468B96300C9F3C1 /* CoffeeTime112.png in Resources */,
				006C93FE1468B98600C9F3C1 /* Default.png in Resources */,
				006C93FF1468B98600C9F3C1 /* Default@2x.png in Resources */,
				00985239147EEBD2002B540C /* AddMethodView.xib in Resources */,
				0098523B147EF072002B540C /* AddMethodTableViewCell.xib in Resources */,
				0048B5F414815B9E00CCF57E /* BigCellTest.png in Resources */,
				0048B5F514815B9E00CCF57E /* BigCellTest@2x.png in Resources */,
				0048B60D148165D000CCF57E /* StarOn.png in Resources */,
				0048B60E148165D000CCF57E /* StarOn@2x.png in Resources */,
				0048B615148169F300CCF57E /* CellTest.png in Resources */,
				0048B616148169F300CCF57E /* CellTest@2x.png in Resources */,
				0048B61D1481712500CCF57E /* BigCellRoundedBottom.png in Resources */,
				0048B61E1481712500CCF57E /* BigCellRoundedBottom@2x.png in Resources */,
				0048B6211481712500CCF57E /* BigCellRoundedTopBottom.png in Resources */,
				0048B6221481712500CCF57E /* BigCellRoundedTopBottom@2x.png in Resources */,
				0048B6291481733200CCF57E /* BigCellRoundedTop.png in Resources */,
				0048B62A1481733200CCF57E /* BigCellRoundedTop@2x.png in Resources */,
				0048B63114818C0400CCF57E /* NavBar.png in Resources */,
				0048B63214818C0400CCF57E /* NavBar@2x.png in Resources */,
				0048B63514818C8800CCF57E /* NavBar2.png in Resources */,
				0048B63614818C8800CCF57E /* NavBar2@2x.png in Resources */,
				0048B63914818FE000CCF57E /* StarOff.png in Resources */,
				0048B63A14818FE000CCF57E /* StarOff@2x.png in Resources */,
				0048B63D148190C200CCF57E /* StarOff2.png in Resources */,
				0048B63E148190C200CCF57E /* StarOff2@2x.png in Resources */,
			);
			runOnlyForDeploymentPostprocessing = 0;
		};
		0057FFAF13E670B1001556C4 /* Resources */ = {
			isa = PBXResourcesBuildPhase;
			buildActionMask = 2147483647;
			files = (
				0057FFBF13E670B1001556C4 /* InfoPlist.strings in Resources */,
				0057FFC113E670B1001556C4 /* CoffeeTimerTests.h in Resources */,
			);
			runOnlyForDeploymentPostprocessing = 0;
		};
/* End PBXResourcesBuildPhase section */

/* Begin PBXShellScriptBuildPhase section */
		0057FFB013E670B1001556C4 /* ShellScript */ = {
			isa = PBXShellScriptBuildPhase;
			buildActionMask = 2147483647;
			files = (
			);
			inputPaths = (
			);
			outputPaths = (
			);
			runOnlyForDeploymentPostprocessing = 0;
			shellPath = /bin/sh;
			shellScript = "# Run the unit tests in this test bundle.\n\"${SYSTEM_DEVELOPER_DIR}/Tools/RunUnitTests\"\n";
		};
/* End PBXShellScriptBuildPhase section */

/* Begin PBXSourcesBuildPhase section */
		0057FF8513E670B0001556C4 /* Sources */ = {
			isa = PBXSourcesBuildPhase;
			buildActionMask = 2147483647;
			files = (
				0057FFA213E670B0001556C4 /* CoffeeTimerAppDelegate_iPhone.m in Sources */,
				0057FFA913E670B1001556C4 /* CoffeeTimerAppDelegate_iPad.m in Sources */,
				000F1D4C14337984006CD04F /* BrewMethod.m in Sources */,
				000F1D4D14337984006CD04F /* BrewMethodListViewController.m in Sources */,
				000F1D4F14337984006CD04F /* BrewMethodViewController.m in Sources */,
				000F1D5114337984006CD04F /* CoffeeTimerAppDelegate.m in Sources */,
				000F1D5214337984006CD04F /* Constants.m in Sources */,
				000F1D6914337984006CD04F /* SliderTabBarView.m in Sources */,
				000F1D6A14337984006CD04F /* TimerStep.m in Sources */,
				007EDE4114337CA700F5555E /* main.m in Sources */,
				00B096A6147DC46700004B9A /* FileHelpers.m in Sources */,
				00985238147EEBD2002B540C /* AddMethodViewController.m in Sources */,
				00985240147EF9AA002B540C /* AddMethodView.m in Sources */,
			);
			runOnlyForDeploymentPostprocessing = 0;
		};
		0057FFAD13E670B1001556C4 /* Sources */ = {
			isa = PBXSourcesBuildPhase;
			buildActionMask = 2147483647;
			files = (
				0057FFC313E670B2001556C4 /* CoffeeTimerTests.m in Sources */,
			);
			runOnlyForDeploymentPostprocessing = 0;
		};
/* End PBXSourcesBuildPhase section */

/* Begin PBXTargetDependency section */
		0057FFB913E670B1001556C4 /* PBXTargetDependency */ = {
			isa = PBXTargetDependency;
			target = 0057FF8813E670B0001556C4 /* CoffeeTimer */;
			targetProxy = 0057FFB813E670B1001556C4 /* PBXContainerItemProxy */;
		};
/* End PBXTargetDependency section */

/* Begin PBXVariantGroup section */
		0057FF9613E670B0001556C4 /* InfoPlist.strings */ = {
			isa = PBXVariantGroup;
			children = (
				0057FF9713E670B0001556C4 /* en */,
			);
			name = InfoPlist.strings;
			sourceTree = "<group>";
		};
		0057FFA313E670B0001556C4 /* MainWindow_iPhone.xib */ = {
			isa = PBXVariantGroup;
			children = (
				0057FFA413E670B0001556C4 /* en */,
			);
			name = MainWindow_iPhone.xib;
			sourceTree = "<group>";
		};
		0057FFAA13E670B1001556C4 /* MainWindow_iPad.xib */ = {
			isa = PBXVariantGroup;
			children = (
				0057FFAB13E670B1001556C4 /* en */,
			);
			name = MainWindow_iPad.xib;
			sourceTree = "<group>";
		};
		0057FFBD13E670B1001556C4 /* InfoPlist.strings */ = {
			isa = PBXVariantGroup;
			children = (
				0057FFBE13E670B1001556C4 /* en */,
			);
			name = InfoPlist.strings;
			sourceTree = "<group>";
		};
/* End PBXVariantGroup section */

/* Begin XCBuildConfiguration section */
		0057FFC413E670B2001556C4 /* Debug */ = {
			isa = XCBuildConfiguration;
			buildSettings = {
				ALWAYS_SEARCH_USER_PATHS = NO;
				ARCHS = "$(ARCHS_STANDARD_32_BIT)";
				CODE_SIGN_IDENTITY = "iPhone Distribution";
				"CODE_SIGN_IDENTITY[sdk=*]" = "iPhone Developer";
				COPY_PHASE_STRIP = NO;
				GCC_C_LANGUAGE_STANDARD = gnu99;
				GCC_DYNAMIC_NO_PIC = NO;
				GCC_OPTIMIZATION_LEVEL = 0;
				GCC_PREPROCESSOR_DEFINITIONS = (
					"DEBUG=1",
					"$(inherited)",
				);
				GCC_SYMBOLS_PRIVATE_EXTERN = NO;
				GCC_VERSION = com.apple.compilers.llvmgcc42;
				GCC_WARN_ABOUT_MISSING_PROTOTYPES = YES;
				GCC_WARN_ABOUT_RETURN_TYPE = YES;
				GCC_WARN_UNUSED_VARIABLE = YES;
				IPHONEOS_DEPLOYMENT_TARGET = 4.3;
				PROVISIONING_PROFILE = "";
				"PROVISIONING_PROFILE[sdk=*]" = "";
				SDKROOT = iphoneos;
				TARGETED_DEVICE_FAMILY = 1;
			};
			name = Debug;
		};
		0057FFC513E670B2001556C4 /* Release */ = {
			isa = XCBuildConfiguration;
			buildSettings = {
				ALWAYS_SEARCH_USER_PATHS = NO;
				ARCHS = "$(ARCHS_STANDARD_32_BIT)";
				CODE_SIGN_IDENTITY = "iPhone Distribution";
				"CODE_SIGN_IDENTITY[sdk=*]" = "iPhone Developer";
				COPY_PHASE_STRIP = YES;
				GCC_C_LANGUAGE_STANDARD = gnu99;
				GCC_VERSION = com.apple.compilers.llvmgcc42;
				GCC_WARN_ABOUT_MISSING_PROTOTYPES = YES;
				GCC_WARN_ABOUT_RETURN_TYPE = YES;
				GCC_WARN_UNUSED_VARIABLE = YES;
				IPHONEOS_DEPLOYMENT_TARGET = 4.3;
				OTHER_CFLAGS = "-DNS_BLOCK_ASSERTIONS=1";
				PROVISIONING_PROFILE = "";
				"PROVISIONING_PROFILE[sdk=*]" = "";
				SDKROOT = iphoneos;
				TARGETED_DEVICE_FAMILY = 1;
				VALIDATE_PRODUCT = NO;
			};
			name = Release;
		};
		0057FFC713E670B2001556C4 /* Debug */ = {
			isa = XCBuildConfiguration;
			buildSettings = {
				CODE_SIGN_IDENTITY = "iPhone Developer";
				"CODE_SIGN_IDENTITY[sdk=iphoneos*]" = "iPhone Distribution";
				GCC_PRECOMPILE_PREFIX_HEADER = YES;
				GCC_PREFIX_HEADER = "CoffeeTimer/CoffeeTimer-Prefix.pch";
				GCC_VERSION = com.apple.compilers.llvm.clang.1_0;
				INFOPLIST_FILE = "CoffeeTimer/CoffeeTimer-Info.plist";
				IPHONEOS_DEPLOYMENT_TARGET = 4.3;
				PRODUCT_NAME = "$(TARGET_NAME)";
				PROVISIONING_PROFILE = "";
				"PROVISIONING_PROFILE[sdk=iphoneos*]" = "";
				SKIP_INSTALL = NO;
				TARGETED_DEVICE_FAMILY = 1;
				VALIDATE_PRODUCT = YES;
				WRAPPER_EXTENSION = app;
			};
			name = Debug;
		};
		0057FFC813E670B2001556C4 /* Release */ = {
			isa = XCBuildConfiguration;
			buildSettings = {
				CODE_SIGN_IDENTITY = "iPhone Developer";
				"CODE_SIGN_IDENTITY[sdk=iphonesos*]" = "iPhone Distribution";
				GCC_PRECOMPILE_PREFIX_HEADER = YES;
				GCC_PREFIX_HEADER = "CoffeeTimer/CoffeeTimer-Prefix.pch";
				GCC_VERSION = com.apple.compilers.llvm.clang.1_0;
				INFOPLIST_FILE = "CoffeeTimer/CoffeeTimer-Info.plist";
				IPHONEOS_DEPLOYMENT_TARGET = 4.3;
				PRODUCT_NAME = "$(TARGET_NAME)";
				PROVISIONING_PROFILE = "";
				"PROVISIONING_PROFILE[sdk=iphonesos*]" = "";
				SKIP_INSTALL = NO;
				TARGETED_DEVICE_FAMILY = 1;
				VALIDATE_PRODUCT = YES;
				WRAPPER_EXTENSION = app;
			};
			name = Release;
		};
		0057FFCA13E670B2001556C4 /* Debug */ = {
			isa = XCBuildConfiguration;
			buildSettings = {
				BUNDLE_LOADER = "$(BUILT_PRODUCTS_DIR)/CoffeeTimer.app/CoffeeTimer";
				FRAMEWORK_SEARCH_PATHS = (
					"$(SDKROOT)/Developer/Library/Frameworks",
					"$(DEVELOPER_LIBRARY_DIR)/Frameworks",
				);
				GCC_PRECOMPILE_PREFIX_HEADER = YES;
				GCC_PREFIX_HEADER = "CoffeeTimer/CoffeeTimer-Prefix.pch";
				GCC_VERSION = com.apple.compilers.llvm.clang.1_0;
				INFOPLIST_FILE = "CoffeeTimerTests/CoffeeTimerTests-Info.plist";
				PRODUCT_NAME = "$(TARGET_NAME)";
				TEST_HOST = "$(BUNDLE_LOADER)";
				WRAPPER_EXTENSION = octest;
			};
			name = Debug;
		};
		0057FFCB13E670B2001556C4 /* Release */ = {
			isa = XCBuildConfiguration;
			buildSettings = {
				BUNDLE_LOADER = "$(BUILT_PRODUCTS_DIR)/CoffeeTimer.app/CoffeeTimer";
				FRAMEWORK_SEARCH_PATHS = (
					"$(SDKROOT)/Developer/Library/Frameworks",
					"$(DEVELOPER_LIBRARY_DIR)/Frameworks",
				);
				GCC_PRECOMPILE_PREFIX_HEADER = YES;
				GCC_PREFIX_HEADER = "CoffeeTimer/CoffeeTimer-Prefix.pch";
				GCC_VERSION = com.apple.compilers.llvm.clang.1_0;
				INFOPLIST_FILE = "CoffeeTimerTests/CoffeeTimerTests-Info.plist";
				PRODUCT_NAME = "$(TARGET_NAME)";
				TEST_HOST = "$(BUNDLE_LOADER)";
				WRAPPER_EXTENSION = octest;
			};
			name = Release;
		};
/* End XCBuildConfiguration section */

/* Begin XCConfigurationList section */
		0057FF8313E670AC001556C4 /* Build configuration list for PBXProject "CoffeeTimer" */ = {
			isa = XCConfigurationList;
			buildConfigurations = (
				0057FFC413E670B2001556C4 /* Debug */,
				0057FFC513E670B2001556C4 /* Release */,
			);
			defaultConfigurationIsVisible = 0;
			defaultConfigurationName = Release;
		};
		0057FFC613E670B2001556C4 /* Build configuration list for PBXNativeTarget "CoffeeTimer" */ = {
			isa = XCConfigurationList;
			buildConfigurations = (
				0057FFC713E670B2001556C4 /* Debug */,
				0057FFC813E670B2001556C4 /* Release */,
			);
			defaultConfigurationIsVisible = 0;
			defaultConfigurationName = Release;
		};
		0057FFC913E670B2001556C4 /* Build configuration list for PBXNativeTarget "CoffeeTimerTests" */ = {
			isa = XCConfigurationList;
			buildConfigurations = (
				0057FFCA13E670B2001556C4 /* Debug */,
				0057FFCB13E670B2001556C4 /* Release */,
			);
			defaultConfigurationIsVisible = 0;
			defaultConfigurationName = Release;
		};
/* End XCConfigurationList section */
	};
	rootObject = 0057FF8013E670AC001556C4 /* Project object */;
}
