// !$*UTF8*$!
{
	archiveVersion = 1;
	classes = {
	};
	objectVersion = 46;
	objects = {

/* Begin PBXBuildFile section */
		000C6FC11418DE2E0064EEBE /* BackButton in Resources */ = {isa = PBXBuildFile; fileRef = 000C6FBA1418DE2E0064EEBE /* BackButton */; };
		000C6FC21418DE2E0064EEBE /* InfoWindow in Resources */ = {isa = PBXBuildFile; fileRef = 000C6FBB1418DE2E0064EEBE /* InfoWindow */; };
		000C6FC31418DE2E0064EEBE /* InnerRectangle in Resources */ = {isa = PBXBuildFile; fileRef = 000C6FBC1418DE2E0064EEBE /* InnerRectangle */; };
		000C6FC41418DE2E0064EEBE /* Noise.png in Resources */ = {isa = PBXBuildFile; fileRef = 000C6FBD1418DE2E0064EEBE /* Noise.png */; };
		000C6FC51418DE2E0064EEBE /* Slider in Resources */ = {isa = PBXBuildFile; fileRef = 000C6FBE1418DE2E0064EEBE /* Slider */; };
		000C6FC61418DE2E0064EEBE /* TabBar in Resources */ = {isa = PBXBuildFile; fileRef = 000C6FBF1418DE2E0064EEBE /* TabBar */; };
		000C6FC71418DE2E0064EEBE /* TimerWindow in Resources */ = {isa = PBXBuildFile; fileRef = 000C6FC01418DE2E0064EEBE /* TimerWindow */; };
		0057FF8E13E670B0001556C4 /* UIKit.framework in Frameworks */ = {isa = PBXBuildFile; fileRef = 0057FF8D13E670B0001556C4 /* UIKit.framework */; };
		0057FF9013E670B0001556C4 /* Foundation.framework in Frameworks */ = {isa = PBXBuildFile; fileRef = 0057FF8F13E670B0001556C4 /* Foundation.framework */; };
		0057FF9213E670B0001556C4 /* CoreGraphics.framework in Frameworks */ = {isa = PBXBuildFile; fileRef = 0057FF9113E670B0001556C4 /* CoreGraphics.framework */; };
		0057FF9813E670B0001556C4 /* InfoPlist.strings in Resources */ = {isa = PBXBuildFile; fileRef = 0057FF9613E670B0001556C4 /* InfoPlist.strings */; };
		0057FF9A13E670B0001556C4 /* main.m in Sources */ = {isa = PBXBuildFile; fileRef = 0057FF9913E670B0001556C4 /* main.m */; };
		0057FF9E13E670B0001556C4 /* CoffeeTimerAppDelegate.m in Sources */ = {isa = PBXBuildFile; fileRef = 0057FF9D13E670B0001556C4 /* CoffeeTimerAppDelegate.m */; };
		0057FFA213E670B0001556C4 /* CoffeeTimerAppDelegate_iPhone.m in Sources */ = {isa = PBXBuildFile; fileRef = 0057FFA113E670B0001556C4 /* CoffeeTimerAppDelegate_iPhone.m */; };
		0057FFA513E670B0001556C4 /* MainWindow_iPhone.xib in Resources */ = {isa = PBXBuildFile; fileRef = 0057FFA313E670B0001556C4 /* MainWindow_iPhone.xib */; };
		0057FFA913E670B1001556C4 /* CoffeeTimerAppDelegate_iPad.m in Sources */ = {isa = PBXBuildFile; fileRef = 0057FFA813E670B1001556C4 /* CoffeeTimerAppDelegate_iPad.m */; };
		0057FFAC13E670B1001556C4 /* MainWindow_iPad.xib in Resources */ = {isa = PBXBuildFile; fileRef = 0057FFAA13E670B1001556C4 /* MainWindow_iPad.xib */; };
		0057FFB413E670B1001556C4 /* SenTestingKit.framework in Frameworks */ = {isa = PBXBuildFile; fileRef = 0057FFB313E670B1001556C4 /* SenTestingKit.framework */; };
		0057FFB513E670B1001556C4 /* UIKit.framework in Frameworks */ = {isa = PBXBuildFile; fileRef = 0057FF8D13E670B0001556C4 /* UIKit.framework */; };
		0057FFB613E670B1001556C4 /* Foundation.framework in Frameworks */ = {isa = PBXBuildFile; fileRef = 0057FF8F13E670B0001556C4 /* Foundation.framework */; };
		0057FFB713E670B1001556C4 /* CoreGraphics.framework in Frameworks */ = {isa = PBXBuildFile; fileRef = 0057FF9113E670B0001556C4 /* CoreGraphics.framework */; };
		0057FFBF13E670B1001556C4 /* InfoPlist.strings in Resources */ = {isa = PBXBuildFile; fileRef = 0057FFBD13E670B1001556C4 /* InfoPlist.strings */; };
		0057FFC113E670B1001556C4 /* CoffeeTimerTests.h in Resources */ = {isa = PBXBuildFile; fileRef = 0057FFC013E670B1001556C4 /* CoffeeTimerTests.h */; };
		0057FFC313E670B2001556C4 /* CoffeeTimerTests.m in Sources */ = {isa = PBXBuildFile; fileRef = 0057FFC213E670B2001556C4 /* CoffeeTimerTests.m */; };
		0057FFCE13E671A5001556C4 /* BrewMethod.m in Sources */ = {isa = PBXBuildFile; fileRef = 0057FFCD13E671A4001556C4 /* BrewMethod.m */; };
		0057FFD213E672AF001556C4 /* BrewMethodViewController.m in Sources */ = {isa = PBXBuildFile; fileRef = 0057FFD013E672AE001556C4 /* BrewMethodViewController.m */; };
		0057FFD313E672AF001556C4 /* BrewMethodViewController.xib in Resources */ = {isa = PBXBuildFile; fileRef = 0057FFD113E672AF001556C4 /* BrewMethodViewController.xib */; };
		0057FFD613E67677001556C4 /* TimerStep.m in Sources */ = {isa = PBXBuildFile; fileRef = 0057FFD513E67677001556C4 /* TimerStep.m */; };
		00A226C3141CE2D9006EEE4F /* QuartzCore.framework in Frameworks */ = {isa = PBXBuildFile; fileRef = 00A226C2141CE2D9006EEE4F /* QuartzCore.framework */; };
		00D54CED13F310290032585C /* BrewMethodListViewController.m in Sources */ = {isa = PBXBuildFile; fileRef = 00D54CEB13F310290032585C /* BrewMethodListViewController.m */; };
		00D54CEE13F310290032585C /* BrewMethodListViewController.xib in Resources */ = {isa = PBXBuildFile; fileRef = 00D54CEC13F310290032585C /* BrewMethodListViewController.xib */; };
		00E0D552141A442900A58B05 /* SliderTabBarView.m in Sources */ = {isa = PBXBuildFile; fileRef = 00E0D551141A442900A58B05 /* SliderTabBarView.m */; };
		00F46674141E0BD800523C16 /* InfoTableBottomCell.png in Resources */ = {isa = PBXBuildFile; fileRef = 00F46670141E0BD700523C16 /* InfoTableBottomCell.png */; };
		00F46675141E0BD800523C16 /* InfoTableBottomCell@2x.png in Resources */ = {isa = PBXBuildFile; fileRef = 00F46671141E0BD700523C16 /* InfoTableBottomCell@2x.png */; };
		00F46676141E0BD800523C16 /* InfoTableCell.png in Resources */ = {isa = PBXBuildFile; fileRef = 00F46672141E0BD700523C16 /* InfoTableCell.png */; };
		00F46677141E0BD800523C16 /* InfoTableCell@2x.png in Resources */ = {isa = PBXBuildFile; fileRef = 00F46673141E0BD800523C16 /* InfoTableCell@2x.png */; };
		00F4667E141E0EFD00523C16 /* InfoTableViewController.m in Sources */ = {isa = PBXBuildFile; fileRef = 00F4667D141E0EFD00523C16 /* InfoTableViewController.m */; };
		00FB5BF113EAB0BE001C30E2 /* Constants.m in Sources */ = {isa = PBXBuildFile; fileRef = 00FB5BF013EAB0BE001C30E2 /* Constants.m */; };
/* End PBXBuildFile section */

/* Begin PBXContainerItemProxy section */
		0057FFB813E670B1001556C4 /* PBXContainerItemProxy */ = {
			isa = PBXContainerItemProxy;
			containerPortal = 0057FF8013E670AC001556C4 /* Project object */;
			proxyType = 1;
			remoteGlobalIDString = 0057FF8813E670B0001556C4;
			remoteInfo = CoffeeTimer;
		};
/* End PBXContainerItemProxy section */

/* Begin PBXFileReference section */
		000C6FBA1418DE2E0064EEBE /* BackButton */ = {isa = PBXFileReference; lastKnownFileType = file; path = BackButton; sourceTree = "<group>"; };
		000C6FBB1418DE2E0064EEBE /* InfoWindow */ = {isa = PBXFileReference; lastKnownFileType = file; path = InfoWindow; sourceTree = "<group>"; };
		000C6FBC1418DE2E0064EEBE /* InnerRectangle */ = {isa = PBXFileReference; lastKnownFileType = file; path = InnerRectangle; sourceTree = "<group>"; };
		000C6FBD1418DE2E0064EEBE /* Noise.png */ = {isa = PBXFileReference; lastKnownFileType = image.png; path = Noise.png; sourceTree = "<group>"; };
		000C6FBE1418DE2E0064EEBE /* Slider */ = {isa = PBXFileReference; lastKnownFileType = file; path = Slider; sourceTree = "<group>"; };
		000C6FBF1418DE2E0064EEBE /* TabBar */ = {isa = PBXFileReference; lastKnownFileType = file; path = TabBar; sourceTree = "<group>"; };
		000C6FC01418DE2E0064EEBE /* TimerWindow */ = {isa = PBXFileReference; lastKnownFileType = file; path = TimerWindow; sourceTree = "<group>"; };
		0057FF8913E670B0001556C4 /* CoffeeTimer.app */ = {isa = PBXFileReference; explicitFileType = wrapper.application; includeInIndex = 0; path = CoffeeTimer.app; sourceTree = BUILT_PRODUCTS_DIR; };
		0057FF8D13E670B0001556C4 /* UIKit.framework */ = {isa = PBXFileReference; lastKnownFileType = wrapper.framework; name = UIKit.framework; path = System/Library/Frameworks/UIKit.framework; sourceTree = SDKROOT; };
		0057FF8F13E670B0001556C4 /* Foundation.framework */ = {isa = PBXFileReference; lastKnownFileType = wrapper.framework; name = Foundation.framework; path = System/Library/Frameworks/Foundation.framework; sourceTree = SDKROOT; };
		0057FF9113E670B0001556C4 /* CoreGraphics.framework */ = {isa = PBXFileReference; lastKnownFileType = wrapper.framework; name = CoreGraphics.framework; path = System/Library/Frameworks/CoreGraphics.framework; sourceTree = SDKROOT; };
		0057FF9513E670B0001556C4 /* CoffeeTimer-Info.plist */ = {isa = PBXFileReference; lastKnownFileType = text.plist.xml; path = "CoffeeTimer-Info.plist"; sourceTree = "<group>"; };
		0057FF9713E670B0001556C4 /* en */ = {isa = PBXFileReference; lastKnownFileType = text.plist.strings; name = en; path = en.lproj/InfoPlist.strings; sourceTree = "<group>"; };
		0057FF9913E670B0001556C4 /* main.m */ = {isa = PBXFileReference; lastKnownFileType = sourcecode.c.objc; path = main.m; sourceTree = "<group>"; };
		0057FF9B13E670B0001556C4 /* CoffeeTimer-Prefix.pch */ = {isa = PBXFileReference; lastKnownFileType = sourcecode.c.h; path = "CoffeeTimer-Prefix.pch"; sourceTree = "<group>"; };
		0057FF9C13E670B0001556C4 /* CoffeeTimerAppDelegate.h */ = {isa = PBXFileReference; lastKnownFileType = sourcecode.c.h; path = CoffeeTimerAppDelegate.h; sourceTree = "<group>"; };
		0057FF9D13E670B0001556C4 /* CoffeeTimerAppDelegate.m */ = {isa = PBXFileReference; lastKnownFileType = sourcecode.c.objc; path = CoffeeTimerAppDelegate.m; sourceTree = "<group>"; };
		0057FFA013E670B0001556C4 /* CoffeeTimerAppDelegate_iPhone.h */ = {isa = PBXFileReference; lastKnownFileType = sourcecode.c.h; name = CoffeeTimerAppDelegate_iPhone.h; path = iPhone/CoffeeTimerAppDelegate_iPhone.h; sourceTree = "<group>"; };
		0057FFA113E670B0001556C4 /* CoffeeTimerAppDelegate_iPhone.m */ = {isa = PBXFileReference; lastKnownFileType = sourcecode.c.objc; name = CoffeeTimerAppDelegate_iPhone.m; path = iPhone/CoffeeTimerAppDelegate_iPhone.m; sourceTree = "<group>"; };
		0057FFA413E670B0001556C4 /* en */ = {isa = PBXFileReference; lastKnownFileType = file.xib; name = en; path = iPhone/en.lproj/MainWindow_iPhone.xib; sourceTree = "<group>"; };
		0057FFA713E670B0001556C4 /* CoffeeTimerAppDelegate_iPad.h */ = {isa = PBXFileReference; lastKnownFileType = sourcecode.c.h; name = CoffeeTimerAppDelegate_iPad.h; path = iPad/CoffeeTimerAppDelegate_iPad.h; sourceTree = "<group>"; };
		0057FFA813E670B1001556C4 /* CoffeeTimerAppDelegate_iPad.m */ = {isa = PBXFileReference; lastKnownFileType = sourcecode.c.objc; name = CoffeeTimerAppDelegate_iPad.m; path = iPad/CoffeeTimerAppDelegate_iPad.m; sourceTree = "<group>"; };
		0057FFAB13E670B1001556C4 /* en */ = {isa = PBXFileReference; lastKnownFileType = file.xib; name = en; path = iPad/en.lproj/MainWindow_iPad.xib; sourceTree = "<group>"; };
		0057FFB213E670B1001556C4 /* CoffeeTimerTests.octest */ = {isa = PBXFileReference; explicitFileType = wrapper.cfbundle; includeInIndex = 0; path = CoffeeTimerTests.octest; sourceTree = BUILT_PRODUCTS_DIR; };
		0057FFB313E670B1001556C4 /* SenTestingKit.framework */ = {isa = PBXFileReference; lastKnownFileType = wrapper.framework; name = SenTestingKit.framework; path = Library/Frameworks/SenTestingKit.framework; sourceTree = DEVELOPER_DIR; };
		0057FFBC13E670B1001556C4 /* CoffeeTimerTests-Info.plist */ = {isa = PBXFileReference; lastKnownFileType = text.plist.xml; path = "CoffeeTimerTests-Info.plist"; sourceTree = "<group>"; };
		0057FFBE13E670B1001556C4 /* en */ = {isa = PBXFileReference; lastKnownFileType = text.plist.strings; name = en; path = en.lproj/InfoPlist.strings; sourceTree = "<group>"; };
		0057FFC013E670B1001556C4 /* CoffeeTimerTests.h */ = {isa = PBXFileReference; lastKnownFileType = sourcecode.c.h; path = CoffeeTimerTests.h; sourceTree = "<group>"; };
		0057FFC213E670B2001556C4 /* CoffeeTimerTests.m */ = {isa = PBXFileReference; lastKnownFileType = sourcecode.c.objc; path = CoffeeTimerTests.m; sourceTree = "<group>"; };
		0057FFCC13E671A4001556C4 /* BrewMethod.h */ = {isa = PBXFileReference; fileEncoding = 4; lastKnownFileType = sourcecode.c.h; path = BrewMethod.h; sourceTree = "<group>"; };
		0057FFCD13E671A4001556C4 /* BrewMethod.m */ = {isa = PBXFileReference; fileEncoding = 4; lastKnownFileType = sourcecode.c.objc; path = BrewMethod.m; sourceTree = "<group>"; };
		0057FFCF13E672AE001556C4 /* BrewMethodViewController.h */ = {isa = PBXFileReference; fileEncoding = 4; lastKnownFileType = sourcecode.c.h; path = BrewMethodViewController.h; sourceTree = "<group>"; };
		0057FFD013E672AE001556C4 /* BrewMethodViewController.m */ = {isa = PBXFileReference; fileEncoding = 4; lastKnownFileType = sourcecode.c.objc; path = BrewMethodViewController.m; sourceTree = "<group>"; };
		0057FFD113E672AF001556C4 /* BrewMethodViewController.xib */ = {isa = PBXFileReference; fileEncoding = 4; lastKnownFileType = file.xib; path = BrewMethodViewController.xib; sourceTree = "<group>"; };
		0057FFD413E67677001556C4 /* TimerStep.h */ = {isa = PBXFileReference; fileEncoding = 4; lastKnownFileType = sourcecode.c.h; path = TimerStep.h; sourceTree = "<group>"; };
		0057FFD513E67677001556C4 /* TimerStep.m */ = {isa = PBXFileReference; fileEncoding = 4; lastKnownFileType = sourcecode.c.objc; path = TimerStep.m; sourceTree = "<group>"; };
		00A226C2141CE2D9006EEE4F /* QuartzCore.framework */ = {isa = PBXFileReference; lastKnownFileType = wrapper.framework; name = QuartzCore.framework; path = System/Library/Frameworks/QuartzCore.framework; sourceTree = SDKROOT; };
		00D54CEA13F310290032585C /* BrewMethodListViewController.h */ = {isa = PBXFileReference; fileEncoding = 4; lastKnownFileType = sourcecode.c.h; path = BrewMethodListViewController.h; sourceTree = "<group>"; };
		00D54CEB13F310290032585C /* BrewMethodListViewController.m */ = {isa = PBXFileReference; fileEncoding = 4; lastKnownFileType = sourcecode.c.objc; path = BrewMethodListViewController.m; sourceTree = "<group>"; };
		00D54CEC13F310290032585C /* BrewMethodListViewController.xib */ = {isa = PBXFileReference; fileEncoding = 4; lastKnownFileType = file.xib; path = BrewMethodListViewController.xib; sourceTree = "<group>"; };
		00E0D550141A442900A58B05 /* SliderTabBarView.h */ = {isa = PBXFileReference; fileEncoding = 4; lastKnownFileType = sourcecode.c.h; path = SliderTabBarView.h; sourceTree = "<group>"; };
		00E0D551141A442900A58B05 /* SliderTabBarView.m */ = {isa = PBXFileReference; fileEncoding = 4; lastKnownFileType = sourcecode.c.objc; path = SliderTabBarView.m; sourceTree = "<group>"; };
		00F46670141E0BD700523C16 /* InfoTableBottomCell.png */ = {isa = PBXFileReference; lastKnownFileType = image.png; path = InfoTableBottomCell.png; sourceTree = "<group>"; };
		00F46671141E0BD700523C16 /* InfoTableBottomCell@2x.png */ = {isa = PBXFileReference; lastKnownFileType = image.png; path = "InfoTableBottomCell@2x.png"; sourceTree = "<group>"; };
		00F46672141E0BD700523C16 /* InfoTableCell.png */ = {isa = PBXFileReference; lastKnownFileType = image.png; path = InfoTableCell.png; sourceTree = "<group>"; };
		00F46673141E0BD800523C16 /* InfoTableCell@2x.png */ = {isa = PBXFileReference; lastKnownFileType = image.png; path = "InfoTableCell@2x.png"; sourceTree = "<group>"; };
		00F4667C141E0EFD00523C16 /* InfoTableViewController.h */ = {isa = PBXFileReference; fileEncoding = 4; lastKnownFileType = sourcecode.c.h; path = InfoTableViewController.h; sourceTree = "<group>"; };
		00F4667D141E0EFD00523C16 /* InfoTableViewController.m */ = {isa = PBXFileReference; fileEncoding = 4; lastKnownFileType = sourcecode.c.objc; path = InfoTableViewController.m; sourceTree = "<group>"; };
		00FB5BEF13EAB0BE001C30E2 /* Constants.h */ = {isa = PBXFileReference; fileEncoding = 4; lastKnownFileType = sourcecode.c.h; path = Constants.h; sourceTree = "<group>"; };
		00FB5BF013EAB0BE001C30E2 /* Constants.m */ = {isa = PBXFileReference; fileEncoding = 4; lastKnownFileType = sourcecode.c.objc; path = Constants.m; sourceTree = "<group>"; };
/* End PBXFileReference section */

/* Begin PBXFrameworksBuildPhase section */
		0057FF8613E670B0001556C4 /* Frameworks */ = {
			isa = PBXFrameworksBuildPhase;
			buildActionMask = 2147483647;
			files = (
				00A226C3141CE2D9006EEE4F /* QuartzCore.framework in Frameworks */,
				0057FF8E13E670B0001556C4 /* UIKit.framework in Frameworks */,
				0057FF9013E670B0001556C4 /* Foundation.framework in Frameworks */,
				0057FF9213E670B0001556C4 /* CoreGraphics.framework in Frameworks */,
			);
			runOnlyForDeploymentPostprocessing = 0;
		};
		0057FFAE13E670B1001556C4 /* Frameworks */ = {
			isa = PBXFrameworksBuildPhase;
			buildActionMask = 2147483647;
			files = (
				0057FFB413E670B1001556C4 /* SenTestingKit.framework in Frameworks */,
				0057FFB513E670B1001556C4 /* UIKit.framework in Frameworks */,
				0057FFB613E670B1001556C4 /* Foundation.framework in Frameworks */,
				0057FFB713E670B1001556C4 /* CoreGraphics.framework in Frameworks */,
			);
			runOnlyForDeploymentPostprocessing = 0;
		};
/* End PBXFrameworksBuildPhase section */

/* Begin PBXGroup section */
		0057FF7E13E670AB001556C4 = {
			isa = PBXGroup;
			children = (
				00A226C2141CE2D9006EEE4F /* QuartzCore.framework */,
				0057FF9313E670B0001556C4 /* CoffeeTimer */,
				0057FFBA13E670B1001556C4 /* CoffeeTimerTests */,
				0057FF8C13E670B0001556C4 /* Frameworks */,
				0057FF8A13E670B0001556C4 /* Products */,
			);
			sourceTree = "<group>";
		};
		0057FF8A13E670B0001556C4 /* Products */ = {
			isa = PBXGroup;
			children = (
				0057FF8913E670B0001556C4 /* CoffeeTimer.app */,
				0057FFB213E670B1001556C4 /* CoffeeTimerTests.octest */,
			);
			name = Products;
			sourceTree = "<group>";
		};
		0057FF8C13E670B0001556C4 /* Frameworks */ = {
			isa = PBXGroup;
			children = (
				0057FF8D13E670B0001556C4 /* UIKit.framework */,
				0057FF8F13E670B0001556C4 /* Foundation.framework */,
				0057FF9113E670B0001556C4 /* CoreGraphics.framework */,
				0057FFB313E670B1001556C4 /* SenTestingKit.framework */,
			);
			name = Frameworks;
			sourceTree = "<group>";
		};
		0057FF9313E670B0001556C4 /* CoffeeTimer */ = {
			isa = PBXGroup;
			children = (
				0057FF9C13E670B0001556C4 /* CoffeeTimerAppDelegate.h */,
				0057FF9D13E670B0001556C4 /* CoffeeTimerAppDelegate.m */,
				00D54CF413F3115B0032585C /* TableView Controller */,
				0057FFD913E67722001556C4 /* Single View Controller */,
				00D54CF513F311700032585C /* Constants */,
				0057FFD713E676E4001556C4 /* TimerStep */,
				0057FFD813E67712001556C4 /* BrewMethod */,
				0057FF9F13E670B0001556C4 /* iPhone */,
				0057FFA613E670B0001556C4 /* iPad */,
				0057FF9413E670B0001556C4 /* Supporting Files */,
			);
			path = CoffeeTimer;
			sourceTree = "<group>";
		};
		0057FF9413E670B0001556C4 /* Supporting Files */ = {
			isa = PBXGroup;
			children = (
				00F46670141E0BD700523C16 /* InfoTableBottomCell.png */,
				00F46671141E0BD700523C16 /* InfoTableBottomCell@2x.png */,
				00F46672141E0BD700523C16 /* InfoTableCell.png */,
				00F46673141E0BD800523C16 /* InfoTableCell@2x.png */,
				000C6FBA1418DE2E0064EEBE /* BackButton */,
				000C6FBB1418DE2E0064EEBE /* InfoWindow */,
				000C6FBC1418DE2E0064EEBE /* InnerRectangle */,
				000C6FBD1418DE2E0064EEBE /* Noise.png */,
				000C6FBE1418DE2E0064EEBE /* Slider */,
				000C6FBF1418DE2E0064EEBE /* TabBar */,
				000C6FC01418DE2E0064EEBE /* TimerWindow */,
				0057FF9513E670B0001556C4 /* CoffeeTimer-Info.plist */,
				0057FF9613E670B0001556C4 /* InfoPlist.strings */,
				0057FF9913E670B0001556C4 /* main.m */,
				0057FF9B13E670B0001556C4 /* CoffeeTimer-Prefix.pch */,
			);
			name = "Supporting Files";
			sourceTree = "<group>";
		};
		0057FF9F13E670B0001556C4 /* iPhone */ = {
			isa = PBXGroup;
			children = (
				0057FFA013E670B0001556C4 /* CoffeeTimerAppDelegate_iPhone.h */,
				0057FFA113E670B0001556C4 /* CoffeeTimerAppDelegate_iPhone.m */,
				0057FFA313E670B0001556C4 /* MainWindow_iPhone.xib */,
			);
			name = iPhone;
			sourceTree = "<group>";
		};
		0057FFA613E670B0001556C4 /* iPad */ = {
			isa = PBXGroup;
			children = (
				0057FFA713E670B0001556C4 /* CoffeeTimerAppDelegate_iPad.h */,
				0057FFA813E670B1001556C4 /* CoffeeTimerAppDelegate_iPad.m */,
				0057FFAA13E670B1001556C4 /* MainWindow_iPad.xib */,
			);
			name = iPad;
			sourceTree = "<group>";
		};
		0057FFBA13E670B1001556C4 /* CoffeeTimerTests */ = {
			isa = PBXGroup;
			children = (
				0057FFC013E670B1001556C4 /* CoffeeTimerTests.h */,
				0057FFC213E670B2001556C4 /* CoffeeTimerTests.m */,
				0057FFBB13E670B1001556C4 /* Supporting Files */,
			);
			path = CoffeeTimerTests;
			sourceTree = "<group>";
		};
		0057FFBB13E670B1001556C4 /* Supporting Files */ = {
			isa = PBXGroup;
			children = (
				0057FFBC13E670B1001556C4 /* CoffeeTimerTests-Info.plist */,
				0057FFBD13E670B1001556C4 /* InfoPlist.strings */,
			);
			name = "Supporting Files";
			sourceTree = "<group>";
		};
		0057FFD713E676E4001556C4 /* TimerStep */ = {
			isa = PBXGroup;
			children = (
				0057FFD413E67677001556C4 /* TimerStep.h */,
				0057FFD513E67677001556C4 /* TimerStep.m */,
			);
			name = TimerStep;
			sourceTree = "<group>";
		};
		0057FFD813E67712001556C4 /* BrewMethod */ = {
			isa = PBXGroup;
			children = (
				0057FFCC13E671A4001556C4 /* BrewMethod.h */,
				0057FFCD13E671A4001556C4 /* BrewMethod.m */,
			);
			name = BrewMethod;
			sourceTree = "<group>";
		};
		0057FFD913E67722001556C4 /* Single View Controller */ = {
			isa = PBXGroup;
			children = (
				00B865D8141F3C2B00EE1CF4 /* BrewMethodViewController */,
				00B865DA141F3C3800EE1CF4 /* New Group */,
				00B865DB141F3C4F00EE1CF4 /* New Group1 */,
			);
			name = "Single View Controller";
			sourceTree = "<group>";
		};
		00B865D8141F3C2B00EE1CF4 /* BrewMethodViewController */ = {
			isa = PBXGroup;
			children = (
				0057FFD113E672AF001556C4 /* BrewMethodViewController.xib */,
				0057FFCF13E672AE001556C4 /* BrewMethodViewController.h */,
				0057FFD013E672AE001556C4 /* BrewMethodViewController.m */,
			);
			name = BrewMethodViewController;
			sourceTree = "<group>";
		};
		00B865DA141F3C3800EE1CF4 /* New Group */ = {
			isa = PBXGroup;
			children = (
				00E0D550141A442900A58B05 /* SliderTabBarView.h */,
				00E0D551141A442900A58B05 /* SliderTabBarView.m */,
			);
			name = "New Group";
			sourceTree = "<group>";
		};
		00B865DB141F3C4F00EE1CF4 /* New Group1 */ = {
			isa = PBXGroup;
			children = (
				00F4667C141E0EFD00523C16 /* InfoTableViewController.h */,
				00F4667D141E0EFD00523C16 /* InfoTableViewController.m */,
			);
			name = "New Group1";
			sourceTree = "<group>";
		};
		00D54CF413F3115B0032585C /* TableView Controller */ = {
			isa = PBXGroup;
			children = (
				00D54CEA13F310290032585C /* BrewMethodListViewController.h */,
				00D54CEB13F310290032585C /* BrewMethodListViewController.m */,
				00D54CEC13F310290032585C /* BrewMethodListViewController.xib */,
			);
			name = "TableView Controller";
			sourceTree = "<group>";
		};
		00D54CF513F311700032585C /* Constants */ = {
			isa = PBXGroup;
			children = (
				00FB5BEF13EAB0BE001C30E2 /* Constants.h */,
				00FB5BF013EAB0BE001C30E2 /* Constants.m */,
			);
			name = Constants;
			sourceTree = "<group>";
		};
/* End PBXGroup section */

/* Begin PBXNativeTarget section */
		0057FF8813E670B0001556C4 /* CoffeeTimer */ = {
			isa = PBXNativeTarget;
			buildConfigurationList = 0057FFC613E670B2001556C4 /* Build configuration list for PBXNativeTarget "CoffeeTimer" */;
			buildPhases = (
				0057FF8513E670B0001556C4 /* Sources */,
				0057FF8613E670B0001556C4 /* Frameworks */,
				0057FF8713E670B0001556C4 /* Resources */,
			);
			buildRules = (
			);
			dependencies = (
			);
			name = CoffeeTimer;
			productName = CoffeeTimer;
			productReference = 0057FF8913E670B0001556C4 /* CoffeeTimer.app */;
			productType = "com.apple.product-type.application";
		};
		0057FFB113E670B1001556C4 /* CoffeeTimerTests */ = {
			isa = PBXNativeTarget;
			buildConfigurationList = 0057FFC913E670B2001556C4 /* Build configuration list for PBXNativeTarget "CoffeeTimerTests" */;
			buildPhases = (
				0057FFAD13E670B1001556C4 /* Sources */,
				0057FFAE13E670B1001556C4 /* Frameworks */,
				0057FFAF13E670B1001556C4 /* Resources */,
				0057FFB013E670B1001556C4 /* ShellScript */,
			);
			buildRules = (
			);
			dependencies = (
				0057FFB913E670B1001556C4 /* PBXTargetDependency */,
			);
			name = CoffeeTimerTests;
			productName = CoffeeTimerTests;
			productReference = 0057FFB213E670B1001556C4 /* CoffeeTimerTests.octest */;
			productType = "com.apple.product-type.bundle";
		};
/* End PBXNativeTarget section */

/* Begin PBXProject section */
		0057FF8013E670AC001556C4 /* Project object */ = {
			isa = PBXProject;
			buildConfigurationList = 0057FF8313E670AC001556C4 /* Build configuration list for PBXProject "CoffeeTimer" */;
			compatibilityVersion = "Xcode 3.2";
			developmentRegion = English;
			hasScannedForEncodings = 0;
			knownRegions = (
				en,
			);
			mainGroup = 0057FF7E13E670AB001556C4;
			productRefGroup = 0057FF8A13E670B0001556C4 /* Products */;
			projectDirPath = "";
			projectRoot = "";
			targets = (
				0057FF8813E670B0001556C4 /* CoffeeTimer */,
				0057FFB113E670B1001556C4 /* CoffeeTimerTests */,
			);
		};
/* End PBXProject section */

/* Begin PBXResourcesBuildPhase section */
		0057FF8713E670B0001556C4 /* Resources */ = {
			isa = PBXResourcesBuildPhase;
			buildActionMask = 2147483647;
			files = (
				0057FF9813E670B0001556C4 /* InfoPlist.strings in Resources */,
				0057FFA513E670B0001556C4 /* MainWindow_iPhone.xib in Resources */,
				0057FFAC13E670B1001556C4 /* MainWindow_iPad.xib in Resources */,
				0057FFD313E672AF001556C4 /* BrewMethodViewController.xib in Resources */,
				00D54CEE13F310290032585C /* BrewMethodListViewController.xib in Resources */,
				000C6FC11418DE2E0064EEBE /* BackButton in Resources */,
				000C6FC21418DE2E0064EEBE /* InfoWindow in Resources */,
				000C6FC31418DE2E0064EEBE /* InnerRectangle in Resources */,
				000C6FC41418DE2E0064EEBE /* Noise.png in Resources */,
				000C6FC51418DE2E0064EEBE /* Slider in Resources */,
				000C6FC61418DE2E0064EEBE /* TabBar in Resources */,
				000C6FC71418DE2E0064EEBE /* TimerWindow in Resources */,
				00F46674141E0BD800523C16 /* InfoTableBottomCell.png in Resources */,
				00F46675141E0BD800523C16 /* InfoTableBottomCell@2x.png in Resources */,
				00F46676141E0BD800523C16 /* InfoTableCell.png in Resources */,
				00F46677141E0BD800523C16 /* InfoTableCell@2x.png in Resources */,
			);
			runOnlyForDeploymentPostprocessing = 0;
		};
		0057FFAF13E670B1001556C4 /* Resources */ = {
			isa = PBXResourcesBuildPhase;
			buildActionMask = 2147483647;
			files = (
				0057FFBF13E670B1001556C4 /* InfoPlist.strings in Resources */,
				0057FFC113E670B1001556C4 /* CoffeeTimerTests.h in Resources */,
			);
			runOnlyForDeploymentPostprocessing = 0;
		};
/* End PBXResourcesBuildPhase section */

/* Begin PBXShellScriptBuildPhase section */
		0057FFB013E670B1001556C4 /* ShellScript */ = {
			isa = PBXShellScriptBuildPhase;
			buildActionMask = 2147483647;
			files = (
			);
			inputPaths = (
			);
			outputPaths = (
			);
			runOnlyForDeploymentPostprocessing = 0;
			shellPath = /bin/sh;
			shellScript = "# Run the unit tests in this test bundle.\n\"${SYSTEM_DEVELOPER_DIR}/Tools/RunUnitTests\"\n";
		};
/* End PBXShellScriptBuildPhase section */

/* Begin PBXSourcesBuildPhase section */
		0057FF8513E670B0001556C4 /* Sources */ = {
			isa = PBXSourcesBuildPhase;
			buildActionMask = 2147483647;
			files = (
				0057FF9A13E670B0001556C4 /* main.m in Sources */,
				0057FF9E13E670B0001556C4 /* CoffeeTimerAppDelegate.m in Sources */,
				0057FFA213E670B0001556C4 /* CoffeeTimerAppDelegate_iPhone.m in Sources */,
				0057FFA913E670B1001556C4 /* CoffeeTimerAppDelegate_iPad.m in Sources */,
				0057FFCE13E671A5001556C4 /* BrewMethod.m in Sources */,
				0057FFD213E672AF001556C4 /* BrewMethodViewController.m in Sources */,
				0057FFD613E67677001556C4 /* TimerStep.m in Sources */,
				00FB5BF113EAB0BE001C30E2 /* Constants.m in Sources */,
				00D54CED13F310290032585C /* BrewMethodListViewController.m in Sources */,
				00E0D552141A442900A58B05 /* SliderTabBarView.m in Sources */,
				00F4667E141E0EFD00523C16 /* InfoTableViewController.m in Sources */,
			);
			runOnlyForDeploymentPostprocessing = 0;
		};
		0057FFAD13E670B1001556C4 /* Sources */ = {
			isa = PBXSourcesBuildPhase;
			buildActionMask = 2147483647;
			files = (
				0057FFC313E670B2001556C4 /* CoffeeTimerTests.m in Sources */,
			);
			runOnlyForDeploymentPostprocessing = 0;
		};
/* End PBXSourcesBuildPhase section */

/* Begin PBXTargetDependency section */
		0057FFB913E670B1001556C4 /* PBXTargetDependency */ = {
			isa = PBXTargetDependency;
			target = 0057FF8813E670B0001556C4 /* CoffeeTimer */;
			targetProxy = 0057FFB813E670B1001556C4 /* PBXContainerItemProxy */;
		};
/* End PBXTargetDependency section */

/* Begin PBXVariantGroup section */
		0057FF9613E670B0001556C4 /* InfoPlist.strings */ = {
			isa = PBXVariantGroup;
			children = (
				0057FF9713E670B0001556C4 /* en */,
			);
			name = InfoPlist.strings;
			sourceTree = "<group>";
		};
		0057FFA313E670B0001556C4 /* MainWindow_iPhone.xib */ = {
			isa = PBXVariantGroup;
			children = (
				0057FFA413E670B0001556C4 /* en */,
			);
			name = MainWindow_iPhone.xib;
			sourceTree = "<group>";
		};
		0057FFAA13E670B1001556C4 /* MainWindow_iPad.xib */ = {
			isa = PBXVariantGroup;
			children = (
				0057FFAB13E670B1001556C4 /* en */,
			);
			name = MainWindow_iPad.xib;
			sourceTree = "<group>";
		};
		0057FFBD13E670B1001556C4 /* InfoPlist.strings */ = {
			isa = PBXVariantGroup;
			children = (
				0057FFBE13E670B1001556C4 /* en */,
			);
			name = InfoPlist.strings;
			sourceTree = "<group>";
		};
/* End PBXVariantGroup section */

/* Begin XCBuildConfiguration section */
		0057FFC413E670B2001556C4 /* Debug */ = {
			isa = XCBuildConfiguration;
			buildSettings = {
				ALWAYS_SEARCH_USER_PATHS = NO;
				ARCHS = "$(ARCHS_STANDARD_32_BIT)";
				"CODE_SIGN_IDENTITY[sdk=iphoneos*]" = "iPhone Developer";
				COPY_PHASE_STRIP = NO;
				GCC_C_LANGUAGE_STANDARD = gnu99;
				GCC_DYNAMIC_NO_PIC = NO;
				GCC_OPTIMIZATION_LEVEL = 0;
				GCC_PREPROCESSOR_DEFINITIONS = (
					"DEBUG=1",
					"$(inherited)",
				);
				GCC_SYMBOLS_PRIVATE_EXTERN = NO;
				GCC_VERSION = com.apple.compilers.llvmgcc42;
				GCC_WARN_ABOUT_MISSING_PROTOTYPES = YES;
				GCC_WARN_ABOUT_RETURN_TYPE = YES;
				GCC_WARN_UNUSED_VARIABLE = YES;
				IPHONEOS_DEPLOYMENT_TARGET = 4.3;
				SDKROOT = iphoneos;
				TARGETED_DEVICE_FAMILY = "1,2";
			};
			name = Debug;
		};
		0057FFC513E670B2001556C4 /* Release */ = {
			isa = XCBuildConfiguration;
			buildSettings = {
				ALWAYS_SEARCH_USER_PATHS = NO;
				ARCHS = "$(ARCHS_STANDARD_32_BIT)";
				"CODE_SIGN_IDENTITY[sdk=iphoneos*]" = "iPhone Developer";
				COPY_PHASE_STRIP = YES;
				GCC_C_LANGUAGE_STANDARD = gnu99;
				GCC_VERSION = com.apple.compilers.llvmgcc42;
				GCC_WARN_ABOUT_MISSING_PROTOTYPES = YES;
				GCC_WARN_ABOUT_RETURN_TYPE = YES;
				GCC_WARN_UNUSED_VARIABLE = YES;
				IPHONEOS_DEPLOYMENT_TARGET = 4.3;
				OTHER_CFLAGS = "-DNS_BLOCK_ASSERTIONS=1";
				SDKROOT = iphoneos;
				TARGETED_DEVICE_FAMILY = "1,2";
				VALIDATE_PRODUCT = YES;
			};
			name = Release;
		};
		0057FFC713E670B2001556C4 /* Debug */ = {
			isa = XCBuildConfiguration;
			buildSettings = {
				GCC_PRECOMPILE_PREFIX_HEADER = YES;
				GCC_PREFIX_HEADER = "CoffeeTimer/CoffeeTimer-Prefix.pch";
				INFOPLIST_FILE = "CoffeeTimer/CoffeeTimer-Info.plist";
				PRODUCT_NAME = "$(TARGET_NAME)";
				WRAPPER_EXTENSION = app;
			};
			name = Debug;
		};
		0057FFC813E670B2001556C4 /* Release */ = {
			isa = XCBuildConfiguration;
			buildSettings = {
				GCC_PRECOMPILE_PREFIX_HEADER = YES;
				GCC_PREFIX_HEADER = "CoffeeTimer/CoffeeTimer-Prefix.pch";
				INFOPLIST_FILE = "CoffeeTimer/CoffeeTimer-Info.plist";
				PRODUCT_NAME = "$(TARGET_NAME)";
				WRAPPER_EXTENSION = app;
			};
			name = Release;
		};
		0057FFCA13E670B2001556C4 /* Debug */ = {
			isa = XCBuildConfiguration;
			buildSettings = {
				BUNDLE_LOADER = "$(BUILT_PRODUCTS_DIR)/CoffeeTimer.app/CoffeeTimer";
				FRAMEWORK_SEARCH_PATHS = (
					"$(SDKROOT)/Developer/Library/Frameworks",
					"$(DEVELOPER_LIBRARY_DIR)/Frameworks",
				);
				GCC_PRECOMPILE_PREFIX_HEADER = YES;
				GCC_PREFIX_HEADER = "CoffeeTimer/CoffeeTimer-Prefix.pch";
				INFOPLIST_FILE = "CoffeeTimerTests/CoffeeTimerTests-Info.plist";
				PRODUCT_NAME = "$(TARGET_NAME)";
				TEST_HOST = "$(BUNDLE_LOADER)";
				WRAPPER_EXTENSION = octest;
			};
			name = Debug;
		};
		0057FFCB13E670B2001556C4 /* Release */ = {
			isa = XCBuildConfiguration;
			buildSettings = {
				BUNDLE_LOADER = "$(BUILT_PRODUCTS_DIR)/CoffeeTimer.app/CoffeeTimer";
				FRAMEWORK_SEARCH_PATHS = (
					"$(SDKROOT)/Developer/Library/Frameworks",
					"$(DEVELOPER_LIBRARY_DIR)/Frameworks",
				);
				GCC_PRECOMPILE_PREFIX_HEADER = YES;
				GCC_PREFIX_HEADER = "CoffeeTimer/CoffeeTimer-Prefix.pch";
				INFOPLIST_FILE = "CoffeeTimerTests/CoffeeTimerTests-Info.plist";
				PRODUCT_NAME = "$(TARGET_NAME)";
				TEST_HOST = "$(BUNDLE_LOADER)";
				WRAPPER_EXTENSION = octest;
			};
			name = Release;
		};
/* End XCBuildConfiguration section */

/* Begin XCConfigurationList section */
		0057FF8313E670AC001556C4 /* Build configuration list for PBXProject "CoffeeTimer" */ = {
			isa = XCConfigurationList;
			buildConfigurations = (
				0057FFC413E670B2001556C4 /* Debug */,
				0057FFC513E670B2001556C4 /* Release */,
			);
			defaultConfigurationIsVisible = 0;
			defaultConfigurationName = Release;
		};
		0057FFC613E670B2001556C4 /* Build configuration list for PBXNativeTarget "CoffeeTimer" */ = {
			isa = XCConfigurationList;
			buildConfigurations = (
				0057FFC713E670B2001556C4 /* Debug */,
				0057FFC813E670B2001556C4 /* Release */,
			);
			defaultConfigurationIsVisible = 0;
			defaultConfigurationName = Release;
		};
		0057FFC913E670B2001556C4 /* Build configuration list for PBXNativeTarget "CoffeeTimerTests" */ = {
			isa = XCConfigurationList;
			buildConfigurations = (
				0057FFCA13E670B2001556C4 /* Debug */,
				0057FFCB13E670B2001556C4 /* Release */,
			);
			defaultConfigurationIsVisible = 0;
			defaultConfigurationName = Release;
		};
/* End XCConfigurationList section */
	};
	rootObject = 0057FF8013E670AC001556C4 /* Project object */;
}
